// !$*UTF8*$!
{
	archiveVersion = 1;
	classes = {
	};
	objectVersion = 46;
	objects = {

/* Begin PBXBuildFile section */
		1D60589F0D05DD5A006BFB54 /* Foundation.framework in Frameworks */ = {isa = PBXBuildFile; fileRef = 1D30AB110D05D00D00671497 /* Foundation.framework */; };
		1DF5F4E00D08C38300B7A737 /* UIKit.framework in Frameworks */ = {isa = PBXBuildFile; fileRef = 1DF5F4DF0D08C38300B7A737 /* UIKit.framework */; };
		288765A50DF7441C002DB57D /* CoreGraphics.framework in Frameworks */ = {isa = PBXBuildFile; fileRef = 288765A40DF7441C002DB57D /* CoreGraphics.framework */; };
		503AE0F817EB97AB00D1A890 /* Icon.icns in Resources */ = {isa = PBXBuildFile; fileRef = 503AE0F617EB97AB00D1A890 /* Icon.icns */; };
		503AE10017EB989F00D1A890 /* AppController.mm in Sources */ = {isa = PBXBuildFile; fileRef = 503AE0FB17EB989F00D1A890 /* AppController.mm */; };
		503AE10117EB989F00D1A890 /* main.m in Sources */ = {isa = PBXBuildFile; fileRef = 503AE0FC17EB989F00D1A890 /* main.m */; };
		503AE10217EB989F00D1A890 /* RootViewController.mm in Sources */ = {isa = PBXBuildFile; fileRef = 503AE0FF17EB989F00D1A890 /* RootViewController.mm */; };
		503AE10517EB98FF00D1A890 /* main.cpp in Sources */ = {isa = PBXBuildFile; fileRef = 503AE10317EB98FF00D1A890 /* main.cpp */; };
		503AE11B17EB9C5A00D1A890 /* IOKit.framework in Frameworks */ = {isa = PBXBuildFile; fileRef = 503AE11A17EB9C5A00D1A890 /* IOKit.framework */; };
		5087E76317EB910900C73F5D /* Foundation.framework in Frameworks */ = {isa = PBXBuildFile; fileRef = 1D30AB110D05D00D00671497 /* Foundation.framework */; };
		5087E76717EB910900C73F5D /* libz.dylib in Frameworks */ = {isa = PBXBuildFile; fileRef = BF170DB412928DE900B8313A /* libz.dylib */; };
		5087E76817EB910900C73F5D /* QuartzCore.framework in Frameworks */ = {isa = PBXBuildFile; fileRef = BF1C47EA1293683800B63C5D /* QuartzCore.framework */; };
		5087E76917EB910900C73F5D /* OpenAL.framework in Frameworks */ = {isa = PBXBuildFile; fileRef = D44C620B132DFF330009C878 /* OpenAL.framework */; };
		5087E76A17EB910900C73F5D /* AVFoundation.framework in Frameworks */ = {isa = PBXBuildFile; fileRef = D44C620D132DFF430009C878 /* AVFoundation.framework */; };
		5087E76B17EB910900C73F5D /* AudioToolbox.framework in Frameworks */ = {isa = PBXBuildFile; fileRef = D44C620F132DFF4E0009C878 /* AudioToolbox.framework */; };
		5087E77D17EB970100C73F5D /* Default-568h@2x.png in Resources */ = {isa = PBXBuildFile; fileRef = 5087E77217EB970100C73F5D /* Default-568h@2x.png */; };
		5087E77E17EB970100C73F5D /* Default.png in Resources */ = {isa = PBXBuildFile; fileRef = 5087E77317EB970100C73F5D /* Default.png */; };
		5087E77F17EB970100C73F5D /* Default@2x.png in Resources */ = {isa = PBXBuildFile; fileRef = 5087E77417EB970100C73F5D /* Default@2x.png */; };
		5087E78017EB970100C73F5D /* Icon-114.png in Resources */ = {isa = PBXBuildFile; fileRef = 5087E77517EB970100C73F5D /* Icon-114.png */; };
		5087E78117EB970100C73F5D /* Icon-120.png in Resources */ = {isa = PBXBuildFile; fileRef = 5087E77617EB970100C73F5D /* Icon-120.png */; };
		5087E78217EB970100C73F5D /* Icon-144.png in Resources */ = {isa = PBXBuildFile; fileRef = 5087E77717EB970100C73F5D /* Icon-144.png */; };
		5087E78317EB970100C73F5D /* Icon-152.png in Resources */ = {isa = PBXBuildFile; fileRef = 5087E77817EB970100C73F5D /* Icon-152.png */; };
		5087E78417EB970100C73F5D /* Icon-57.png in Resources */ = {isa = PBXBuildFile; fileRef = 5087E77917EB970100C73F5D /* Icon-57.png */; };
		5087E78517EB970100C73F5D /* Icon-72.png in Resources */ = {isa = PBXBuildFile; fileRef = 5087E77A17EB970100C73F5D /* Icon-72.png */; };
		5087E78617EB970100C73F5D /* Icon-76.png in Resources */ = {isa = PBXBuildFile; fileRef = 5087E77B17EB970100C73F5D /* Icon-76.png */; };
		5087E78917EB974C00C73F5D /* AppKit.framework in Frameworks */ = {isa = PBXBuildFile; fileRef = 5087E78817EB974C00C73F5D /* AppKit.framework */; };
		5087E78B17EB975400C73F5D /* OpenGL.framework in Frameworks */ = {isa = PBXBuildFile; fileRef = 5087E78A17EB975400C73F5D /* OpenGL.framework */; };
		50EF629617ECD46A001EB2F8 /* Icon-40.png in Resources */ = {isa = PBXBuildFile; fileRef = 50EF629217ECD46A001EB2F8 /* Icon-40.png */; };
		50EF629717ECD46A001EB2F8 /* Icon-58.png in Resources */ = {isa = PBXBuildFile; fileRef = 50EF629317ECD46A001EB2F8 /* Icon-58.png */; };
		50EF629817ECD46A001EB2F8 /* Icon-80.png in Resources */ = {isa = PBXBuildFile; fileRef = 50EF629417ECD46A001EB2F8 /* Icon-80.png */; };
		50EF629917ECD46A001EB2F8 /* Icon-100.png in Resources */ = {isa = PBXBuildFile; fileRef = 50EF629517ECD46A001EB2F8 /* Icon-100.png */; };
		50EF62A217ECD613001EB2F8 /* Icon-29.png in Resources */ = {isa = PBXBuildFile; fileRef = 50EF62A017ECD613001EB2F8 /* Icon-29.png */; };
		50EF62A317ECD613001EB2F8 /* Icon-50.png in Resources */ = {isa = PBXBuildFile; fileRef = 50EF62A117ECD613001EB2F8 /* Icon-50.png */; };
		521A8E6419F0C34300D177D7 /* Default-667h@2x.png in Resources */ = {isa = PBXBuildFile; fileRef = 521A8E6219F0C34300D177D7 /* Default-667h@2x.png */; };
		521A8E6519F0C34300D177D7 /* Default-736h@3x.png in Resources */ = {isa = PBXBuildFile; fileRef = 521A8E6319F0C34300D177D7 /* Default-736h@3x.png */; };
		52B47A471A53D09C004E4C60 /* Security.framework in Frameworks */ = {isa = PBXBuildFile; fileRef = 52B47A461A53D09B004E4C60 /* Security.framework */; };
		68DF4CD48FF618773F3C8241 /* libcocos2d iOS.a in Frameworks */ = {isa = PBXBuildFile; fileRef = FE4A434CB0497EB05B450757 /* libcocos2d iOS.a */; };
		8262943E1AAF051F00CB7CF7 /* Security.framework in Frameworks */ = {isa = PBXBuildFile; fileRef = 8262943D1AAF051F00CB7CF7 /* Security.framework */; };
		9F8B4F24824617F9A0E5789A /* libcocos2d Mac.a in Frameworks */ = {isa = PBXBuildFile; fileRef = 62FC4D32A80EFB11E0A6CF2A /* libcocos2d Mac.a */; };
		BF171245129291EC00B8313A /* OpenGLES.framework in Frameworks */ = {isa = PBXBuildFile; fileRef = BF170DB012928DE900B8313A /* OpenGLES.framework */; };
		BF1712471292920000B8313A /* libz.dylib in Frameworks */ = {isa = PBXBuildFile; fileRef = BF170DB412928DE900B8313A /* libz.dylib */; };
		BF1C47F01293687400B63C5D /* QuartzCore.framework in Frameworks */ = {isa = PBXBuildFile; fileRef = BF1C47EA1293683800B63C5D /* QuartzCore.framework */; };
		D44C620C132DFF330009C878 /* OpenAL.framework in Frameworks */ = {isa = PBXBuildFile; fileRef = D44C620B132DFF330009C878 /* OpenAL.framework */; };
		D44C620E132DFF430009C878 /* AVFoundation.framework in Frameworks */ = {isa = PBXBuildFile; fileRef = D44C620D132DFF430009C878 /* AVFoundation.framework */; };
		D44C6210132DFF4E0009C878 /* AudioToolbox.framework in Frameworks */ = {isa = PBXBuildFile; fileRef = D44C620F132DFF4E0009C878 /* AudioToolbox.framework */; };
		D6B0611B1803AB670077942B /* CoreMotion.framework in Frameworks */ = {isa = PBXBuildFile; fileRef = D6B0611A1803AB670077942B /* CoreMotion.framework */; };
		FD63FC2F1B129FFE00021EDC /* about.png in Resources */ = {isa = PBXBuildFile; fileRef = FD63FBD91B129FFE00021EDC /* about.png */; };
		FD63FC301B129FFE00021EDC /* about.png in Resources */ = {isa = PBXBuildFile; fileRef = FD63FBD91B129FFE00021EDC /* about.png */; };
		FD63FC311B129FFE00021EDC /* aboutA.png in Resources */ = {isa = PBXBuildFile; fileRef = FD63FBDA1B129FFE00021EDC /* aboutA.png */; };
		FD63FC321B129FFE00021EDC /* aboutA.png in Resources */ = {isa = PBXBuildFile; fileRef = FD63FBDA1B129FFE00021EDC /* aboutA.png */; };
		FD63FC331B129FFE00021EDC /* aboutB.png in Resources */ = {isa = PBXBuildFile; fileRef = FD63FBDB1B129FFE00021EDC /* aboutB.png */; };
		FD63FC341B129FFE00021EDC /* aboutB.png in Resources */ = {isa = PBXBuildFile; fileRef = FD63FBDB1B129FFE00021EDC /* aboutB.png */; };
		FD63FC351B129FFE00021EDC /* back_1_d.png in Resources */ = {isa = PBXBuildFile; fileRef = FD63FBDC1B129FFE00021EDC /* back_1_d.png */; };
		FD63FC361B129FFE00021EDC /* back_1_d.png in Resources */ = {isa = PBXBuildFile; fileRef = FD63FBDC1B129FFE00021EDC /* back_1_d.png */; };
		FD63FC371B129FFE00021EDC /* back_1.png in Resources */ = {isa = PBXBuildFile; fileRef = FD63FBDD1B129FFE00021EDC /* back_1.png */; };
		FD63FC381B129FFE00021EDC /* back_1.png in Resources */ = {isa = PBXBuildFile; fileRef = FD63FBDD1B129FFE00021EDC /* back_1.png */; };
		FD63FC391B129FFE00021EDC /* back_2.png in Resources */ = {isa = PBXBuildFile; fileRef = FD63FBDE1B129FFE00021EDC /* back_2.png */; };
		FD63FC3A1B129FFE00021EDC /* back_2.png in Resources */ = {isa = PBXBuildFile; fileRef = FD63FBDE1B129FFE00021EDC /* back_2.png */; };
		FD63FC3B1B129FFE00021EDC /* back_3.png in Resources */ = {isa = PBXBuildFile; fileRef = FD63FBDF1B129FFE00021EDC /* back_3.png */; };
		FD63FC3C1B129FFE00021EDC /* back_3.png in Resources */ = {isa = PBXBuildFile; fileRef = FD63FBDF1B129FFE00021EDC /* back_3.png */; };
		FD63FC3D1B129FFE00021EDC /* back_4.png in Resources */ = {isa = PBXBuildFile; fileRef = FD63FBE01B129FFE00021EDC /* back_4.png */; };
		FD63FC3E1B129FFE00021EDC /* back_4.png in Resources */ = {isa = PBXBuildFile; fileRef = FD63FBE01B129FFE00021EDC /* back_4.png */; };
		FD63FC3F1B129FFE00021EDC /* back_5_d.png in Resources */ = {isa = PBXBuildFile; fileRef = FD63FBE11B129FFE00021EDC /* back_5_d.png */; };
		FD63FC401B129FFE00021EDC /* back_5_d.png in Resources */ = {isa = PBXBuildFile; fileRef = FD63FBE11B129FFE00021EDC /* back_5_d.png */; };
		FD63FC411B129FFE00021EDC /* back_5.png in Resources */ = {isa = PBXBuildFile; fileRef = FD63FBE21B129FFE00021EDC /* back_5.png */; };
		FD63FC421B129FFE00021EDC /* back_5.png in Resources */ = {isa = PBXBuildFile; fileRef = FD63FBE21B129FFE00021EDC /* back_5.png */; };
		FD63FC431B129FFE00021EDC /* back.png in Resources */ = {isa = PBXBuildFile; fileRef = FD63FBE31B129FFE00021EDC /* back.png */; };
		FD63FC441B129FFE00021EDC /* back.png in Resources */ = {isa = PBXBuildFile; fileRef = FD63FBE31B129FFE00021EDC /* back.png */; };
		FD63FC451B129FFE00021EDC /* backA.png in Resources */ = {isa = PBXBuildFile; fileRef = FD63FBE41B129FFE00021EDC /* backA.png */; };
		FD63FC461B129FFE00021EDC /* backA.png in Resources */ = {isa = PBXBuildFile; fileRef = FD63FBE41B129FFE00021EDC /* backA.png */; };
		FD63FC471B129FFE00021EDC /* backB.png in Resources */ = {isa = PBXBuildFile; fileRef = FD63FBE51B129FFE00021EDC /* backB.png */; };
		FD63FC481B129FFE00021EDC /* backB.png in Resources */ = {isa = PBXBuildFile; fileRef = FD63FBE51B129FFE00021EDC /* backB.png */; };
		FD63FC491B129FFE00021EDC /* background.mp3 in Resources */ = {isa = PBXBuildFile; fileRef = FD63FBE61B129FFE00021EDC /* background.mp3 */; };
		FD63FC4A1B129FFE00021EDC /* background.mp3 in Resources */ = {isa = PBXBuildFile; fileRef = FD63FBE61B129FFE00021EDC /* background.mp3 */; };
		FD63FC4B1B129FFE00021EDC /* continueA.png in Resources */ = {isa = PBXBuildFile; fileRef = FD63FBE71B129FFE00021EDC /* continueA.png */; };
		FD63FC4C1B129FFE00021EDC /* continueA.png in Resources */ = {isa = PBXBuildFile; fileRef = FD63FBE71B129FFE00021EDC /* continueA.png */; };
		FD63FC4D1B129FFE00021EDC /* continueB.png in Resources */ = {isa = PBXBuildFile; fileRef = FD63FBE81B129FFE00021EDC /* continueB.png */; };
		FD63FC4E1B129FFE00021EDC /* continueB.png in Resources */ = {isa = PBXBuildFile; fileRef = FD63FBE81B129FFE00021EDC /* continueB.png */; };
		FD63FC4F1B129FFE00021EDC /* Default.png in Resources */ = {isa = PBXBuildFile; fileRef = FD63FBE91B129FFE00021EDC /* Default.png */; };
		FD63FC501B129FFE00021EDC /* Default.png in Resources */ = {isa = PBXBuildFile; fileRef = FD63FBE91B129FFE00021EDC /* Default.png */; };
		FD63FC511B129FFE00021EDC /* enemy.png in Resources */ = {isa = PBXBuildFile; fileRef = FD63FBEA1B129FFE00021EDC /* enemy.png */; };
		FD63FC521B129FFE00021EDC /* enemy.png in Resources */ = {isa = PBXBuildFile; fileRef = FD63FBEA1B129FFE00021EDC /* enemy.png */; };
		FD63FC531B129FFE00021EDC /* Marker Felt.ttf in Resources */ = {isa = PBXBuildFile; fileRef = FD63FBEC1B129FFE00021EDC /* Marker Felt.ttf */; };
		FD63FC541B129FFE00021EDC /* Marker Felt.ttf in Resources */ = {isa = PBXBuildFile; fileRef = FD63FBEC1B129FFE00021EDC /* Marker Felt.ttf */; };
		FD63FC551B129FFE00021EDC /* fps_images.png in Resources */ = {isa = PBXBuildFile; fileRef = FD63FBED1B129FFE00021EDC /* fps_images.png */; };
		FD63FC561B129FFE00021EDC /* fps_images.png in Resources */ = {isa = PBXBuildFile; fileRef = FD63FBED1B129FFE00021EDC /* fps_images.png */; };
		FD63FC571B129FFE00021EDC /* gameover.png in Resources */ = {isa = PBXBuildFile; fileRef = FD63FBEE1B129FFE00021EDC /* gameover.png */; };
		FD63FC581B129FFE00021EDC /* gameover.png in Resources */ = {isa = PBXBuildFile; fileRef = FD63FBEE1B129FFE00021EDC /* gameover.png */; };
		FD63FC591B129FFE00021EDC /* HelloWorld.png in Resources */ = {isa = PBXBuildFile; fileRef = FD63FBEF1B129FFE00021EDC /* HelloWorld.png */; };
		FD63FC5A1B129FFE00021EDC /* HelloWorld.png in Resources */ = {isa = PBXBuildFile; fileRef = FD63FBEF1B129FFE00021EDC /* HelloWorld.png */; };
		FD63FC5B1B129FFE00021EDC /* Icon-72.png in Resources */ = {isa = PBXBuildFile; fileRef = FD63FBF01B129FFE00021EDC /* Icon-72.png */; };
		FD63FC5C1B129FFE00021EDC /* Icon-72.png in Resources */ = {isa = PBXBuildFile; fileRef = FD63FBF01B129FFE00021EDC /* Icon-72.png */; };
		FD63FC5D1B129FFE00021EDC /* Icon-Small-50.png in Resources */ = {isa = PBXBuildFile; fileRef = FD63FBF11B129FFE00021EDC /* Icon-Small-50.png */; };
		FD63FC5E1B129FFE00021EDC /* Icon-Small-50.png in Resources */ = {isa = PBXBuildFile; fileRef = FD63FBF11B129FFE00021EDC /* Icon-Small-50.png */; };
		FD63FC5F1B129FFE00021EDC /* Icon-Small.png in Resources */ = {isa = PBXBuildFile; fileRef = FD63FBF21B129FFE00021EDC /* Icon-Small.png */; };
		FD63FC601B129FFE00021EDC /* Icon-Small.png in Resources */ = {isa = PBXBuildFile; fileRef = FD63FBF21B129FFE00021EDC /* Icon-Small.png */; };
		FD63FC611B129FFE00021EDC /* Icon-Small@2x.png in Resources */ = {isa = PBXBuildFile; fileRef = FD63FBF31B129FFE00021EDC /* Icon-Small@2x.png */; };
		FD63FC621B129FFE00021EDC /* Icon-Small@2x.png in Resources */ = {isa = PBXBuildFile; fileRef = FD63FBF31B129FFE00021EDC /* Icon-Small@2x.png */; };
		FD63FC631B129FFE00021EDC /* Icon.png in Resources */ = {isa = PBXBuildFile; fileRef = FD63FBF41B129FFE00021EDC /* Icon.png */; };
		FD63FC641B129FFE00021EDC /* Icon.png in Resources */ = {isa = PBXBuildFile; fileRef = FD63FBF41B129FFE00021EDC /* Icon.png */; };
		FD63FC651B129FFE00021EDC /* Icon@2x.png in Resources */ = {isa = PBXBuildFile; fileRef = FD63FBF51B129FFE00021EDC /* Icon@2x.png */; };
		FD63FC661B129FFE00021EDC /* Icon@2x.png in Resources */ = {isa = PBXBuildFile; fileRef = FD63FBF51B129FFE00021EDC /* Icon@2x.png */; };
		FD63FC671B129FFE00021EDC /* iTunesArtwork in Resources */ = {isa = PBXBuildFile; fileRef = FD63FBF61B129FFE00021EDC /* iTunesArtwork */; };
		FD63FC681B129FFE00021EDC /* iTunesArtwork in Resources */ = {isa = PBXBuildFile; fileRef = FD63FBF61B129FFE00021EDC /* iTunesArtwork */; };
		FD63FC691B129FFE00021EDC /* MainMenu.png in Resources */ = {isa = PBXBuildFile; fileRef = FD63FBF71B129FFE00021EDC /* MainMenu.png */; };
		FD63FC6A1B129FFE00021EDC /* MainMenu.png in Resources */ = {isa = PBXBuildFile; fileRef = FD63FBF71B129FFE00021EDC /* MainMenu.png */; };
		FD63FC6B1B129FFE00021EDC /* newgameA.png in Resources */ = {isa = PBXBuildFile; fileRef = FD63FBF81B129FFE00021EDC /* newgameA.png */; };
		FD63FC6C1B129FFE00021EDC /* newgameA.png in Resources */ = {isa = PBXBuildFile; fileRef = FD63FBF81B129FFE00021EDC /* newgameA.png */; };
		FD63FC6D1B129FFE00021EDC /* newgameB.png in Resources */ = {isa = PBXBuildFile; fileRef = FD63FBF91B129FFE00021EDC /* newgameB.png */; };
		FD63FC6E1B129FFE00021EDC /* newgameB.png in Resources */ = {isa = PBXBuildFile; fileRef = FD63FBF91B129FFE00021EDC /* newgameB.png */; };
		FD63FCA71B129FFE00021EDC /* road_1.png in Resources */ = {isa = PBXBuildFile; fileRef = FD63FC181B129FFE00021EDC /* road_1.png */; };
		FD63FCA81B129FFE00021EDC /* road_1.png in Resources */ = {isa = PBXBuildFile; fileRef = FD63FC181B129FFE00021EDC /* road_1.png */; };
		FD63FCA91B129FFE00021EDC /* road_2.png in Resources */ = {isa = PBXBuildFile; fileRef = FD63FC191B129FFE00021EDC /* road_2.png */; };
		FD63FCAA1B129FFE00021EDC /* road_2.png in Resources */ = {isa = PBXBuildFile; fileRef = FD63FC191B129FFE00021EDC /* road_2.png */; };
		FD63FCAB1B129FFE00021EDC /* road_3.png in Resources */ = {isa = PBXBuildFile; fileRef = FD63FC1A1B129FFE00021EDC /* road_3.png */; };
		FD63FCAC1B129FFE00021EDC /* road_3.png in Resources */ = {isa = PBXBuildFile; fileRef = FD63FC1A1B129FFE00021EDC /* road_3.png */; };
		FD63FCAD1B129FFE00021EDC /* road_4.png in Resources */ = {isa = PBXBuildFile; fileRef = FD63FC1B1B129FFE00021EDC /* road_4.png */; };
		FD63FCAE1B129FFE00021EDC /* road_4.png in Resources */ = {isa = PBXBuildFile; fileRef = FD63FC1B1B129FFE00021EDC /* road_4.png */; };
		FD63FCAF1B129FFE00021EDC /* road_5.png in Resources */ = {isa = PBXBuildFile; fileRef = FD63FC1C1B129FFE00021EDC /* road_5.png */; };
		FD63FCB01B129FFE00021EDC /* road_5.png in Resources */ = {isa = PBXBuildFile; fileRef = FD63FC1C1B129FFE00021EDC /* road_5.png */; };
		FD63FCB11B129FFE00021EDC /* s_1.png in Resources */ = {isa = PBXBuildFile; fileRef = FD63FC1D1B129FFE00021EDC /* s_1.png */; };
		FD63FCB21B129FFE00021EDC /* s_1.png in Resources */ = {isa = PBXBuildFile; fileRef = FD63FC1D1B129FFE00021EDC /* s_1.png */; };
		FD63FCB31B129FFE00021EDC /* s_2.png in Resources */ = {isa = PBXBuildFile; fileRef = FD63FC1E1B129FFE00021EDC /* s_2.png */; };
		FD63FCB41B129FFE00021EDC /* s_2.png in Resources */ = {isa = PBXBuildFile; fileRef = FD63FC1E1B129FFE00021EDC /* s_2.png */; };
		FD63FCB51B129FFE00021EDC /* s_3.png in Resources */ = {isa = PBXBuildFile; fileRef = FD63FC1F1B129FFE00021EDC /* s_3.png */; };
		FD63FCB61B129FFE00021EDC /* s_3.png in Resources */ = {isa = PBXBuildFile; fileRef = FD63FC1F1B129FFE00021EDC /* s_3.png */; };
		FD63FCB71B129FFE00021EDC /* s_4.png in Resources */ = {isa = PBXBuildFile; fileRef = FD63FC201B129FFE00021EDC /* s_4.png */; };
		FD63FCB81B129FFE00021EDC /* s_4.png in Resources */ = {isa = PBXBuildFile; fileRef = FD63FC201B129FFE00021EDC /* s_4.png */; };
		FD63FCB91B129FFE00021EDC /* s_5.png in Resources */ = {isa = PBXBuildFile; fileRef = FD63FC211B129FFE00021EDC /* s_5.png */; };
		FD63FCBA1B129FFE00021EDC /* s_5.png in Resources */ = {isa = PBXBuildFile; fileRef = FD63FC211B129FFE00021EDC /* s_5.png */; };
		FD63FCBB1B129FFE00021EDC /* s_6.png in Resources */ = {isa = PBXBuildFile; fileRef = FD63FC221B129FFE00021EDC /* s_6.png */; };
		FD63FCBC1B129FFE00021EDC /* s_6.png in Resources */ = {isa = PBXBuildFile; fileRef = FD63FC221B129FFE00021EDC /* s_6.png */; };
		FD63FCBD1B129FFE00021EDC /* s_7.png in Resources */ = {isa = PBXBuildFile; fileRef = FD63FC231B129FFE00021EDC /* s_7.png */; };
		FD63FCBE1B129FFE00021EDC /* s_7.png in Resources */ = {isa = PBXBuildFile; fileRef = FD63FC231B129FFE00021EDC /* s_7.png */; };
		FD63FCBF1B129FFE00021EDC /* s_8.png in Resources */ = {isa = PBXBuildFile; fileRef = FD63FC241B129FFE00021EDC /* s_8.png */; };
		FD63FCC01B129FFE00021EDC /* s_8.png in Resources */ = {isa = PBXBuildFile; fileRef = FD63FC241B129FFE00021EDC /* s_8.png */; };
		FD63FCC11B129FFE00021EDC /* s_hurt.png in Resources */ = {isa = PBXBuildFile; fileRef = FD63FC251B129FFE00021EDC /* s_hurt.png */; };
		FD63FCC21B129FFE00021EDC /* s_hurt.png in Resources */ = {isa = PBXBuildFile; fileRef = FD63FC251B129FFE00021EDC /* s_hurt.png */; };
		FD63FCC31B129FFE00021EDC /* s_jump.png in Resources */ = {isa = PBXBuildFile; fileRef = FD63FC261B129FFE00021EDC /* s_jump.png */; };
		FD63FCC41B129FFE00021EDC /* s_jump.png in Resources */ = {isa = PBXBuildFile; fileRef = FD63FC261B129FFE00021EDC /* s_jump.png */; };
		FD63FCC51B129FFE00021EDC /* score.png in Resources */ = {isa = PBXBuildFile; fileRef = FD63FC271B129FFE00021EDC /* score.png */; };
		FD63FCC61B129FFE00021EDC /* score.png in Resources */ = {isa = PBXBuildFile; fileRef = FD63FC271B129FFE00021EDC /* score.png */; };
		FD63FCC71B129FFE00021EDC /* shu.png in Resources */ = {isa = PBXBuildFile; fileRef = FD63FC281B129FFE00021EDC /* shu.png */; };
		FD63FCC81B129FFE00021EDC /* shu.png in Resources */ = {isa = PBXBuildFile; fileRef = FD63FC281B129FFE00021EDC /* shu.png */; };
		FD63FCC91B129FFE00021EDC /* sound-off-A.png in Resources */ = {isa = PBXBuildFile; fileRef = FD63FC291B129FFE00021EDC /* sound-off-A.png */; };
		FD63FCCA1B129FFE00021EDC /* sound-off-A.png in Resources */ = {isa = PBXBuildFile; fileRef = FD63FC291B129FFE00021EDC /* sound-off-A.png */; };
		FD63FCCB1B129FFE00021EDC /* sound-off-B.png in Resources */ = {isa = PBXBuildFile; fileRef = FD63FC2A1B129FFE00021EDC /* sound-off-B.png */; };
		FD63FCCC1B129FFE00021EDC /* sound-off-B.png in Resources */ = {isa = PBXBuildFile; fileRef = FD63FC2A1B129FFE00021EDC /* sound-off-B.png */; };
		FD63FCCD1B129FFE00021EDC /* sound-on-A.png in Resources */ = {isa = PBXBuildFile; fileRef = FD63FC2B1B129FFE00021EDC /* sound-on-A.png */; };
		FD63FCCE1B129FFE00021EDC /* sound-on-A.png in Resources */ = {isa = PBXBuildFile; fileRef = FD63FC2B1B129FFE00021EDC /* sound-on-A.png */; };
		FD63FCCF1B129FFE00021EDC /* sound-on-B.png in Resources */ = {isa = PBXBuildFile; fileRef = FD63FC2C1B129FFE00021EDC /* sound-on-B.png */; };
		FD63FCD01B129FFE00021EDC /* sound-on-B.png in Resources */ = {isa = PBXBuildFile; fileRef = FD63FC2C1B129FFE00021EDC /* sound-on-B.png */; };
		FD63FCD11B129FFE00021EDC /* star.png in Resources */ = {isa = PBXBuildFile; fileRef = FD63FC2D1B129FFE00021EDC /* star.png */; };
		FD63FCD21B129FFE00021EDC /* star.png in Resources */ = {isa = PBXBuildFile; fileRef = FD63FC2D1B129FFE00021EDC /* star.png */; };
		FD63FCD31B129FFE00021EDC /* tb.png in Resources */ = {isa = PBXBuildFile; fileRef = FD63FC2E1B129FFE00021EDC /* tb.png */; };
		FD63FCD41B129FFE00021EDC /* tb.png in Resources */ = {isa = PBXBuildFile; fileRef = FD63FC2E1B129FFE00021EDC /* tb.png */; };
		FD63FCE81B12A03C00021EDC /* AppDelegate.cpp in Sources */ = {isa = PBXBuildFile; fileRef = FD63FCD51B12A03C00021EDC /* AppDelegate.cpp */; };
		FD63FCE91B12A03C00021EDC /* AppDelegate.cpp in Sources */ = {isa = PBXBuildFile; fileRef = FD63FCD51B12A03C00021EDC /* AppDelegate.cpp */; };
		FD63FD181B12A68D00021EDC /* back.jpg in Resources */ = {isa = PBXBuildFile; fileRef = FD63FCFB1B12A68D00021EDC /* back.jpg */; };
		FD63FD191B12A68D00021EDC /* back.jpg in Resources */ = {isa = PBXBuildFile; fileRef = FD63FCFB1B12A68D00021EDC /* back.jpg */; };
		FD63FD1A1B12A68D00021EDC /* back1.mp3 in Resources */ = {isa = PBXBuildFile; fileRef = FD63FCFC1B12A68D00021EDC /* back1.mp3 */; };
		FD63FD1B1B12A68D00021EDC /* back1.mp3 in Resources */ = {isa = PBXBuildFile; fileRef = FD63FCFC1B12A68D00021EDC /* back1.mp3 */; };
		FD63FD1C1B12A68D00021EDC /* back2.jpg in Resources */ = {isa = PBXBuildFile; fileRef = FD63FCFD1B12A68D00021EDC /* back2.jpg */; };
		FD63FD1D1B12A68D00021EDC /* back2.jpg in Resources */ = {isa = PBXBuildFile; fileRef = FD63FCFD1B12A68D00021EDC /* back2.jpg */; };
		FD63FD1E1B12A68D00021EDC /* back2.mp3 in Resources */ = {isa = PBXBuildFile; fileRef = FD63FCFE1B12A68D00021EDC /* back2.mp3 */; };
		FD63FD1F1B12A68D00021EDC /* back2.mp3 in Resources */ = {isa = PBXBuildFile; fileRef = FD63FCFE1B12A68D00021EDC /* back2.mp3 */; };
		FD63FD201B12A68D00021EDC /* CloseNormal.png in Resources */ = {isa = PBXBuildFile; fileRef = FD63FCFF1B12A68D00021EDC /* CloseNormal.png */; };
		FD63FD211B12A68D00021EDC /* CloseNormal.png in Resources */ = {isa = PBXBuildFile; fileRef = FD63FCFF1B12A68D00021EDC /* CloseNormal.png */; };
		FD63FD221B12A68D00021EDC /* CloseSelected.png in Resources */ = {isa = PBXBuildFile; fileRef = FD63FD001B12A68D00021EDC /* CloseSelected.png */; };
		FD63FD231B12A68D00021EDC /* CloseSelected.png in Resources */ = {isa = PBXBuildFile; fileRef = FD63FD001B12A68D00021EDC /* CloseSelected.png */; };
		FD63FD241B12A68D00021EDC /* ditu.png in Resources */ = {isa = PBXBuildFile; fileRef = FD63FD011B12A68D00021EDC /* ditu.png */; };
		FD63FD251B12A68D00021EDC /* ditu.png in Resources */ = {isa = PBXBuildFile; fileRef = FD63FD011B12A68D00021EDC /* ditu.png */; };
		FD63FD261B12A68D00021EDC /* ditu.tmx in Resources */ = {isa = PBXBuildFile; fileRef = FD63FD021B12A68D00021EDC /* ditu.tmx */; };
		FD63FD271B12A68D00021EDC /* ditu.tmx in Resources */ = {isa = PBXBuildFile; fileRef = FD63FD021B12A68D00021EDC /* ditu.tmx */; };
		FD63FD281B12A68D00021EDC /* ditu2.png in Resources */ = {isa = PBXBuildFile; fileRef = FD63FD031B12A68D00021EDC /* ditu2.png */; };
		FD63FD291B12A68D00021EDC /* ditu2.png in Resources */ = {isa = PBXBuildFile; fileRef = FD63FD031B12A68D00021EDC /* ditu2.png */; };
		FD63FD2A1B12A68D00021EDC /* ditu2.tmx in Resources */ = {isa = PBXBuildFile; fileRef = FD63FD041B12A68D00021EDC /* ditu2.tmx */; };
		FD63FD2B1B12A68D00021EDC /* ditu2.tmx in Resources */ = {isa = PBXBuildFile; fileRef = FD63FD041B12A68D00021EDC /* ditu2.tmx */; };
		FD63FD2C1B12A68D00021EDC /* eat.mp3 in Resources */ = {isa = PBXBuildFile; fileRef = FD63FD051B12A68D00021EDC /* eat.mp3 */; };
		FD63FD2D1B12A68D00021EDC /* eat.mp3 in Resources */ = {isa = PBXBuildFile; fileRef = FD63FD051B12A68D00021EDC /* eat.mp3 */; };
		FD63FD2E1B12A68D00021EDC /* end.mp3 in Resources */ = {isa = PBXBuildFile; fileRef = FD63FD061B12A68D00021EDC /* end.mp3 */; };
		FD63FD2F1B12A68D00021EDC /* end.mp3 in Resources */ = {isa = PBXBuildFile; fileRef = FD63FD061B12A68D00021EDC /* end.mp3 */; };
		FD63FD301B12A68D00021EDC /* Marker Felt.ttf in Resources */ = {isa = PBXBuildFile; fileRef = FD63FD081B12A68D00021EDC /* Marker Felt.ttf */; };
		FD63FD311B12A68D00021EDC /* Marker Felt.ttf in Resources */ = {isa = PBXBuildFile; fileRef = FD63FD081B12A68D00021EDC /* Marker Felt.ttf */; };
		FD63FD321B12A68D00021EDC /* HelloWorld.png in Resources */ = {isa = PBXBuildFile; fileRef = FD63FD091B12A68D00021EDC /* HelloWorld.png */; };
		FD63FD331B12A68D00021EDC /* HelloWorld.png in Resources */ = {isa = PBXBuildFile; fileRef = FD63FD091B12A68D00021EDC /* HelloWorld.png */; };
		FD63FD341B12A68D00021EDC /* karma1.png in Resources */ = {isa = PBXBuildFile; fileRef = FD63FD0A1B12A68D00021EDC /* karma1.png */; };
		FD63FD351B12A68D00021EDC /* karma1.png in Resources */ = {isa = PBXBuildFile; fileRef = FD63FD0A1B12A68D00021EDC /* karma1.png */; };
		FD63FD361B12A68D00021EDC /* MainScene.csb in Resources */ = {isa = PBXBuildFile; fileRef = FD63FD0B1B12A68D00021EDC /* MainScene.csb */; };
		FD63FD371B12A68D00021EDC /* MainScene.csb in Resources */ = {isa = PBXBuildFile; fileRef = FD63FD0B1B12A68D00021EDC /* MainScene.csb */; };
		FD63FD381B12A68D00021EDC /* menuback.jpg in Resources */ = {isa = PBXBuildFile; fileRef = FD63FD0C1B12A68D00021EDC /* menuback.jpg */; };
		FD63FD391B12A68D00021EDC /* menuback.jpg in Resources */ = {isa = PBXBuildFile; fileRef = FD63FD0C1B12A68D00021EDC /* menuback.jpg */; };
		FD63FD3A1B12A68D00021EDC /* overback.jpg in Resources */ = {isa = PBXBuildFile; fileRef = FD63FD0D1B12A68D00021EDC /* overback.jpg */; };
		FD63FD3B1B12A68D00021EDC /* overback.jpg in Resources */ = {isa = PBXBuildFile; fileRef = FD63FD0D1B12A68D00021EDC /* overback.jpg */; };
		FD63FD3C1B12A68D00021EDC /* playerrun.plist in Resources */ = {isa = PBXBuildFile; fileRef = FD63FD0E1B12A68D00021EDC /* playerrun.plist */; };
		FD63FD3D1B12A68D00021EDC /* playerrun.plist in Resources */ = {isa = PBXBuildFile; fileRef = FD63FD0E1B12A68D00021EDC /* playerrun.plist */; };
		FD63FD3E1B12A68D00021EDC /* playerrun.png in Resources */ = {isa = PBXBuildFile; fileRef = FD63FD0F1B12A68D00021EDC /* playerrun.png */; };
		FD63FD3F1B12A68D00021EDC /* playerrun.png in Resources */ = {isa = PBXBuildFile; fileRef = FD63FD0F1B12A68D00021EDC /* playerrun.png */; };
		FD63FD401B12A68D00021EDC /* playerrun.tps in Resources */ = {isa = PBXBuildFile; fileRef = FD63FD101B12A68D00021EDC /* playerrun.tps */; };
		FD63FD411B12A68D00021EDC /* playerrun.tps in Resources */ = {isa = PBXBuildFile; fileRef = FD63FD101B12A68D00021EDC /* playerrun.tps */; };
		FD63FD421B12A68D00021EDC /* shengli.mp3 in Resources */ = {isa = PBXBuildFile; fileRef = FD63FD111B12A68D00021EDC /* shengli.mp3 */; };
		FD63FD431B12A68D00021EDC /* shengli.mp3 in Resources */ = {isa = PBXBuildFile; fileRef = FD63FD111B12A68D00021EDC /* shengli.mp3 */; };
		FD63FD441B12A68D00021EDC /* snow.png in Resources */ = {isa = PBXBuildFile; fileRef = FD63FD121B12A68D00021EDC /* snow.png */; };
		FD63FD451B12A68D00021EDC /* snow.png in Resources */ = {isa = PBXBuildFile; fileRef = FD63FD121B12A68D00021EDC /* snow.png */; };
		FD63FD461B12A68D00021EDC /* start.mp3 in Resources */ = {isa = PBXBuildFile; fileRef = FD63FD131B12A68D00021EDC /* start.mp3 */; };
		FD63FD471B12A68D00021EDC /* start.mp3 in Resources */ = {isa = PBXBuildFile; fileRef = FD63FD131B12A68D00021EDC /* start.mp3 */; };
		FD63FD481B12A68D00021EDC /* start_normal.png in Resources */ = {isa = PBXBuildFile; fileRef = FD63FD141B12A68D00021EDC /* start_normal.png */; };
		FD63FD491B12A68D00021EDC /* start_normal.png in Resources */ = {isa = PBXBuildFile; fileRef = FD63FD141B12A68D00021EDC /* start_normal.png */; };
		FD63FD4A1B12A68D00021EDC /* start_select.png in Resources */ = {isa = PBXBuildFile; fileRef = FD63FD151B12A68D00021EDC /* start_select.png */; };
		FD63FD4B1B12A68D00021EDC /* start_select.png in Resources */ = {isa = PBXBuildFile; fileRef = FD63FD151B12A68D00021EDC /* start_select.png */; };
		FD63FD4C1B12A68D00021EDC /* stoop.mp3 in Resources */ = {isa = PBXBuildFile; fileRef = FD63FD161B12A68D00021EDC /* stoop.mp3 */; };
		FD63FD4D1B12A68D00021EDC /* stoop.mp3 in Resources */ = {isa = PBXBuildFile; fileRef = FD63FD161B12A68D00021EDC /* stoop.mp3 */; };
		FD63FD4E1B12A68D00021EDC /* win.jpg in Resources */ = {isa = PBXBuildFile; fileRef = FD63FD171B12A68D00021EDC /* win.jpg */; };
		FD63FD4F1B12A68D00021EDC /* win.jpg in Resources */ = {isa = PBXBuildFile; fileRef = FD63FD171B12A68D00021EDC /* win.jpg */; };
		FD63FD561B12A6A200021EDC /* GameRunScene.cpp in Sources */ = {isa = PBXBuildFile; fileRef = FD63FD501B12A6A200021EDC /* GameRunScene.cpp */; };
		FD63FD571B12A6A200021EDC /* GameRunScene.cpp in Sources */ = {isa = PBXBuildFile; fileRef = FD63FD501B12A6A200021EDC /* GameRunScene.cpp */; };
		FD63FD581B12A6A200021EDC /* MenuScene.cpp in Sources */ = {isa = PBXBuildFile; fileRef = FD63FD521B12A6A200021EDC /* MenuScene.cpp */; };
		FD63FD591B12A6A200021EDC /* MenuScene.cpp in Sources */ = {isa = PBXBuildFile; fileRef = FD63FD521B12A6A200021EDC /* MenuScene.cpp */; };
		FD63FD5A1B12A6A200021EDC /* SceneNavigator.cpp in Sources */ = {isa = PBXBuildFile; fileRef = FD63FD541B12A6A200021EDC /* SceneNavigator.cpp */; };
		FD63FD5B1B12A6A200021EDC /* SceneNavigator.cpp in Sources */ = {isa = PBXBuildFile; fileRef = FD63FD541B12A6A200021EDC /* SceneNavigator.cpp */; };
		FD63FD5E1B12A71000021EDC /* Runner.cpp in Sources */ = {isa = PBXBuildFile; fileRef = FD63FD5C1B12A71000021EDC /* Runner.cpp */; };
		FD63FD5F1B12A71000021EDC /* Runner.cpp in Sources */ = {isa = PBXBuildFile; fileRef = FD63FD5C1B12A71000021EDC /* Runner.cpp */; };
/* End PBXBuildFile section */

/* Begin PBXFileReference section */
		1ACB3243164770DE00914215 /* libcurl.a */ = {isa = PBXFileReference; lastKnownFileType = archive.ar; name = libcurl.a; path = ../../cocos2dx/platform/third_party/ios/libraries/libcurl.a; sourceTree = "<group>"; };
		1D30AB110D05D00D00671497 /* Foundation.framework */ = {isa = PBXFileReference; lastKnownFileType = wrapper.framework; name = Foundation.framework; path = System/Library/Frameworks/Foundation.framework; sourceTree = SDKROOT; };
		1D6058910D05DD3D006BFB54 /* RunCpp iOS.app */ = {isa = PBXFileReference; explicitFileType = wrapper.application; includeInIndex = 0; path = "RunCpp iOS.app"; sourceTree = BUILT_PRODUCTS_DIR; };
		1DF5F4DF0D08C38300B7A737 /* UIKit.framework */ = {isa = PBXFileReference; lastKnownFileType = wrapper.framework; name = UIKit.framework; path = System/Library/Frameworks/UIKit.framework; sourceTree = SDKROOT; };
		288765A40DF7441C002DB57D /* CoreGraphics.framework */ = {isa = PBXFileReference; lastKnownFileType = wrapper.framework; name = CoreGraphics.framework; path = System/Library/Frameworks/CoreGraphics.framework; sourceTree = SDKROOT; };
		503AE0F617EB97AB00D1A890 /* Icon.icns */ = {isa = PBXFileReference; lastKnownFileType = image.icns; path = Icon.icns; sourceTree = "<group>"; };
		503AE0F717EB97AB00D1A890 /* Info.plist */ = {isa = PBXFileReference; fileEncoding = 4; lastKnownFileType = text.plist.xml; path = Info.plist; sourceTree = "<group>"; };
		503AE0FA17EB989F00D1A890 /* AppController.h */ = {isa = PBXFileReference; fileEncoding = 4; lastKnownFileType = sourcecode.c.h; name = AppController.h; path = ios/AppController.h; sourceTree = SOURCE_ROOT; };
		503AE0FB17EB989F00D1A890 /* AppController.mm */ = {isa = PBXFileReference; fileEncoding = 4; lastKnownFileType = sourcecode.cpp.objcpp; name = AppController.mm; path = ios/AppController.mm; sourceTree = SOURCE_ROOT; };
		503AE0FC17EB989F00D1A890 /* main.m */ = {isa = PBXFileReference; fileEncoding = 4; lastKnownFileType = sourcecode.c.objc; name = main.m; path = ios/main.m; sourceTree = SOURCE_ROOT; };
		503AE0FD17EB989F00D1A890 /* Prefix.pch */ = {isa = PBXFileReference; fileEncoding = 4; lastKnownFileType = sourcecode.c.h; name = Prefix.pch; path = ios/Prefix.pch; sourceTree = SOURCE_ROOT; };
		503AE0FE17EB989F00D1A890 /* RootViewController.h */ = {isa = PBXFileReference; fileEncoding = 4; lastKnownFileType = sourcecode.c.h; name = RootViewController.h; path = ios/RootViewController.h; sourceTree = SOURCE_ROOT; };
		503AE0FF17EB989F00D1A890 /* RootViewController.mm */ = {isa = PBXFileReference; fileEncoding = 4; lastKnownFileType = sourcecode.cpp.objcpp; name = RootViewController.mm; path = ios/RootViewController.mm; sourceTree = SOURCE_ROOT; };
		503AE10317EB98FF00D1A890 /* main.cpp */ = {isa = PBXFileReference; fileEncoding = 4; lastKnownFileType = sourcecode.cpp.cpp; name = main.cpp; path = mac/main.cpp; sourceTree = "<group>"; };
		503AE10417EB98FF00D1A890 /* Prefix.pch */ = {isa = PBXFileReference; fileEncoding = 4; lastKnownFileType = sourcecode.c.h; name = Prefix.pch; path = mac/Prefix.pch; sourceTree = "<group>"; };
		503AE11117EB99EE00D1A890 /* libcurl.dylib */ = {isa = PBXFileReference; lastKnownFileType = "compiled.mach-o.dylib"; name = libcurl.dylib; path = usr/lib/libcurl.dylib; sourceTree = SDKROOT; };
		503AE11A17EB9C5A00D1A890 /* IOKit.framework */ = {isa = PBXFileReference; lastKnownFileType = wrapper.framework; name = IOKit.framework; path = System/Library/Frameworks/IOKit.framework; sourceTree = SDKROOT; };
		5087E76F17EB910900C73F5D /* RunCpp Mac.app */ = {isa = PBXFileReference; explicitFileType = wrapper.application; includeInIndex = 0; path = "RunCpp Mac.app"; sourceTree = BUILT_PRODUCTS_DIR; };
		5087E77217EB970100C73F5D /* Default-568h@2x.png */ = {isa = PBXFileReference; lastKnownFileType = image.png; path = "Default-568h@2x.png"; sourceTree = "<group>"; };
		5087E77317EB970100C73F5D /* Default.png */ = {isa = PBXFileReference; lastKnownFileType = image.png; path = Default.png; sourceTree = "<group>"; };
		5087E77417EB970100C73F5D /* Default@2x.png */ = {isa = PBXFileReference; lastKnownFileType = image.png; path = "Default@2x.png"; sourceTree = "<group>"; };
		5087E77517EB970100C73F5D /* Icon-114.png */ = {isa = PBXFileReference; lastKnownFileType = image.png; path = "Icon-114.png"; sourceTree = "<group>"; };
		5087E77617EB970100C73F5D /* Icon-120.png */ = {isa = PBXFileReference; lastKnownFileType = image.png; path = "Icon-120.png"; sourceTree = "<group>"; };
		5087E77717EB970100C73F5D /* Icon-144.png */ = {isa = PBXFileReference; lastKnownFileType = image.png; path = "Icon-144.png"; sourceTree = "<group>"; };
		5087E77817EB970100C73F5D /* Icon-152.png */ = {isa = PBXFileReference; lastKnownFileType = image.png; path = "Icon-152.png"; sourceTree = "<group>"; };
		5087E77917EB970100C73F5D /* Icon-57.png */ = {isa = PBXFileReference; lastKnownFileType = image.png; path = "Icon-57.png"; sourceTree = "<group>"; };
		5087E77A17EB970100C73F5D /* Icon-72.png */ = {isa = PBXFileReference; lastKnownFileType = image.png; path = "Icon-72.png"; sourceTree = "<group>"; };
		5087E77B17EB970100C73F5D /* Icon-76.png */ = {isa = PBXFileReference; lastKnownFileType = image.png; path = "Icon-76.png"; sourceTree = "<group>"; };
		5087E77C17EB970100C73F5D /* Info.plist */ = {isa = PBXFileReference; fileEncoding = 4; lastKnownFileType = text.plist.xml; path = Info.plist; sourceTree = "<group>"; };
		5087E78817EB974C00C73F5D /* AppKit.framework */ = {isa = PBXFileReference; lastKnownFileType = wrapper.framework; name = AppKit.framework; path = System/Library/Frameworks/AppKit.framework; sourceTree = SDKROOT; };
		5087E78A17EB975400C73F5D /* OpenGL.framework */ = {isa = PBXFileReference; lastKnownFileType = wrapper.framework; name = OpenGL.framework; path = System/Library/Frameworks/OpenGL.framework; sourceTree = SDKROOT; };
		50EF629217ECD46A001EB2F8 /* Icon-40.png */ = {isa = PBXFileReference; lastKnownFileType = image.png; path = "Icon-40.png"; sourceTree = "<group>"; };
		50EF629317ECD46A001EB2F8 /* Icon-58.png */ = {isa = PBXFileReference; lastKnownFileType = image.png; path = "Icon-58.png"; sourceTree = "<group>"; };
		50EF629417ECD46A001EB2F8 /* Icon-80.png */ = {isa = PBXFileReference; lastKnownFileType = image.png; path = "Icon-80.png"; sourceTree = "<group>"; };
		50EF629517ECD46A001EB2F8 /* Icon-100.png */ = {isa = PBXFileReference; lastKnownFileType = image.png; path = "Icon-100.png"; sourceTree = "<group>"; };
		50EF62A017ECD613001EB2F8 /* Icon-29.png */ = {isa = PBXFileReference; lastKnownFileType = image.png; path = "Icon-29.png"; sourceTree = "<group>"; };
		50EF62A117ECD613001EB2F8 /* Icon-50.png */ = {isa = PBXFileReference; lastKnownFileType = image.png; path = "Icon-50.png"; sourceTree = "<group>"; };
		521A8E6219F0C34300D177D7 /* Default-667h@2x.png */ = {isa = PBXFileReference; lastKnownFileType = image.png; path = "Default-667h@2x.png"; sourceTree = "<group>"; };
		521A8E6319F0C34300D177D7 /* Default-736h@3x.png */ = {isa = PBXFileReference; lastKnownFileType = image.png; path = "Default-736h@3x.png"; sourceTree = "<group>"; };
		52B47A461A53D09B004E4C60 /* Security.framework */ = {isa = PBXFileReference; lastKnownFileType = wrapper.framework; name = Security.framework; path = Platforms/iPhoneOS.platform/Developer/SDKs/iPhoneOS8.1.sdk/System/Library/Frameworks/Security.framework; sourceTree = DEVELOPER_DIR; };
		62FC4D32A80EFB11E0A6CF2A /* libcocos2d Mac.a */ = {isa = PBXFileReference; lastKnownFileType = archive.ar; name = "libcocos2d Mac.a"; path = "/Applications/Cocos/frameworks/cocos2d-x-3.6/prebuilt/mac/libcocos2d Mac.a"; sourceTree = "<absolute>"; };
		8262943D1AAF051F00CB7CF7 /* Security.framework */ = {isa = PBXFileReference; lastKnownFileType = wrapper.framework; name = Security.framework; path = System/Library/Frameworks/Security.framework; sourceTree = SDKROOT; };
		BF170DB012928DE900B8313A /* OpenGLES.framework */ = {isa = PBXFileReference; lastKnownFileType = wrapper.framework; name = OpenGLES.framework; path = System/Library/Frameworks/OpenGLES.framework; sourceTree = SDKROOT; };
		BF170DB412928DE900B8313A /* libz.dylib */ = {isa = PBXFileReference; lastKnownFileType = "compiled.mach-o.dylib"; name = libz.dylib; path = usr/lib/libz.dylib; sourceTree = SDKROOT; };
		BF1C47EA1293683800B63C5D /* QuartzCore.framework */ = {isa = PBXFileReference; lastKnownFileType = wrapper.framework; name = QuartzCore.framework; path = System/Library/Frameworks/QuartzCore.framework; sourceTree = SDKROOT; };
		D44C620B132DFF330009C878 /* OpenAL.framework */ = {isa = PBXFileReference; lastKnownFileType = wrapper.framework; name = OpenAL.framework; path = System/Library/Frameworks/OpenAL.framework; sourceTree = SDKROOT; };
		D44C620D132DFF430009C878 /* AVFoundation.framework */ = {isa = PBXFileReference; lastKnownFileType = wrapper.framework; name = AVFoundation.framework; path = System/Library/Frameworks/AVFoundation.framework; sourceTree = SDKROOT; };
		D44C620F132DFF4E0009C878 /* AudioToolbox.framework */ = {isa = PBXFileReference; lastKnownFileType = wrapper.framework; name = AudioToolbox.framework; path = System/Library/Frameworks/AudioToolbox.framework; sourceTree = SDKROOT; };
		D6B0611A1803AB670077942B /* CoreMotion.framework */ = {isa = PBXFileReference; lastKnownFileType = wrapper.framework; name = CoreMotion.framework; path = Platforms/iPhoneOS.platform/Developer/SDKs/iPhoneOS7.0.sdk/System/Library/Frameworks/CoreMotion.framework; sourceTree = DEVELOPER_DIR; };
		FD63FBD91B129FFE00021EDC /* about.png */ = {isa = PBXFileReference; lastKnownFileType = image.png; path = about.png; sourceTree = "<group>"; };
		FD63FBDA1B129FFE00021EDC /* aboutA.png */ = {isa = PBXFileReference; lastKnownFileType = image.png; path = aboutA.png; sourceTree = "<group>"; };
		FD63FBDB1B129FFE00021EDC /* aboutB.png */ = {isa = PBXFileReference; lastKnownFileType = image.png; path = aboutB.png; sourceTree = "<group>"; };
		FD63FBDC1B129FFE00021EDC /* back_1_d.png */ = {isa = PBXFileReference; lastKnownFileType = image.png; path = back_1_d.png; sourceTree = "<group>"; };
		FD63FBDD1B129FFE00021EDC /* back_1.png */ = {isa = PBXFileReference; lastKnownFileType = image.png; path = back_1.png; sourceTree = "<group>"; };
		FD63FBDE1B129FFE00021EDC /* back_2.png */ = {isa = PBXFileReference; lastKnownFileType = image.png; path = back_2.png; sourceTree = "<group>"; };
		FD63FBDF1B129FFE00021EDC /* back_3.png */ = {isa = PBXFileReference; lastKnownFileType = image.png; path = back_3.png; sourceTree = "<group>"; };
		FD63FBE01B129FFE00021EDC /* back_4.png */ = {isa = PBXFileReference; lastKnownFileType = image.png; path = back_4.png; sourceTree = "<group>"; };
		FD63FBE11B129FFE00021EDC /* back_5_d.png */ = {isa = PBXFileReference; lastKnownFileType = image.png; path = back_5_d.png; sourceTree = "<group>"; };
		FD63FBE21B129FFE00021EDC /* back_5.png */ = {isa = PBXFileReference; lastKnownFileType = image.png; path = back_5.png; sourceTree = "<group>"; };
		FD63FBE31B129FFE00021EDC /* back.png */ = {isa = PBXFileReference; lastKnownFileType = image.png; path = back.png; sourceTree = "<group>"; };
		FD63FBE41B129FFE00021EDC /* backA.png */ = {isa = PBXFileReference; lastKnownFileType = image.png; path = backA.png; sourceTree = "<group>"; };
		FD63FBE51B129FFE00021EDC /* backB.png */ = {isa = PBXFileReference; lastKnownFileType = image.png; path = backB.png; sourceTree = "<group>"; };
		FD63FBE61B129FFE00021EDC /* background.mp3 */ = {isa = PBXFileReference; lastKnownFileType = audio.mp3; path = background.mp3; sourceTree = "<group>"; };
		FD63FBE71B129FFE00021EDC /* continueA.png */ = {isa = PBXFileReference; lastKnownFileType = image.png; path = continueA.png; sourceTree = "<group>"; };
		FD63FBE81B129FFE00021EDC /* continueB.png */ = {isa = PBXFileReference; lastKnownFileType = image.png; path = continueB.png; sourceTree = "<group>"; };
		FD63FBE91B129FFE00021EDC /* Default.png */ = {isa = PBXFileReference; lastKnownFileType = image.png; path = Default.png; sourceTree = "<group>"; };
		FD63FBEA1B129FFE00021EDC /* enemy.png */ = {isa = PBXFileReference; lastKnownFileType = image.png; path = enemy.png; sourceTree = "<group>"; };
		FD63FBEC1B129FFE00021EDC /* Marker Felt.ttf */ = {isa = PBXFileReference; lastKnownFileType = file; path = "Marker Felt.ttf"; sourceTree = "<group>"; };
		FD63FBED1B129FFE00021EDC /* fps_images.png */ = {isa = PBXFileReference; lastKnownFileType = image.png; path = fps_images.png; sourceTree = "<group>"; };
		FD63FBEE1B129FFE00021EDC /* gameover.png */ = {isa = PBXFileReference; lastKnownFileType = image.png; path = gameover.png; sourceTree = "<group>"; };
		FD63FBEF1B129FFE00021EDC /* HelloWorld.png */ = {isa = PBXFileReference; lastKnownFileType = image.png; path = HelloWorld.png; sourceTree = "<group>"; };
		FD63FBF01B129FFE00021EDC /* Icon-72.png */ = {isa = PBXFileReference; lastKnownFileType = image.png; path = "Icon-72.png"; sourceTree = "<group>"; };
		FD63FBF11B129FFE00021EDC /* Icon-Small-50.png */ = {isa = PBXFileReference; lastKnownFileType = image.png; path = "Icon-Small-50.png"; sourceTree = "<group>"; };
		FD63FBF21B129FFE00021EDC /* Icon-Small.png */ = {isa = PBXFileReference; lastKnownFileType = image.png; path = "Icon-Small.png"; sourceTree = "<group>"; };
		FD63FBF31B129FFE00021EDC /* Icon-Small@2x.png */ = {isa = PBXFileReference; lastKnownFileType = image.png; path = "Icon-Small@2x.png"; sourceTree = "<group>"; };
		FD63FBF41B129FFE00021EDC /* Icon.png */ = {isa = PBXFileReference; lastKnownFileType = image.png; path = Icon.png; sourceTree = "<group>"; };
		FD63FBF51B129FFE00021EDC /* Icon@2x.png */ = {isa = PBXFileReference; lastKnownFileType = image.png; path = "Icon@2x.png"; sourceTree = "<group>"; };
		FD63FBF61B129FFE00021EDC /* iTunesArtwork */ = {isa = PBXFileReference; lastKnownFileType = file; path = iTunesArtwork; sourceTree = "<group>"; };
		FD63FBF71B129FFE00021EDC /* MainMenu.png */ = {isa = PBXFileReference; lastKnownFileType = image.png; path = MainMenu.png; sourceTree = "<group>"; };
		FD63FBF81B129FFE00021EDC /* newgameA.png */ = {isa = PBXFileReference; lastKnownFileType = image.png; path = newgameA.png; sourceTree = "<group>"; };
		FD63FBF91B129FFE00021EDC /* newgameB.png */ = {isa = PBXFileReference; lastKnownFileType = image.png; path = newgameB.png; sourceTree = "<group>"; };
		FD63FC181B129FFE00021EDC /* road_1.png */ = {isa = PBXFileReference; lastKnownFileType = image.png; path = road_1.png; sourceTree = "<group>"; };
		FD63FC191B129FFE00021EDC /* road_2.png */ = {isa = PBXFileReference; lastKnownFileType = image.png; path = road_2.png; sourceTree = "<group>"; };
		FD63FC1A1B129FFE00021EDC /* road_3.png */ = {isa = PBXFileReference; lastKnownFileType = image.png; path = road_3.png; sourceTree = "<group>"; };
		FD63FC1B1B129FFE00021EDC /* road_4.png */ = {isa = PBXFileReference; lastKnownFileType = image.png; path = road_4.png; sourceTree = "<group>"; };
		FD63FC1C1B129FFE00021EDC /* road_5.png */ = {isa = PBXFileReference; lastKnownFileType = image.png; path = road_5.png; sourceTree = "<group>"; };
		FD63FC1D1B129FFE00021EDC /* s_1.png */ = {isa = PBXFileReference; lastKnownFileType = image.png; path = s_1.png; sourceTree = "<group>"; };
		FD63FC1E1B129FFE00021EDC /* s_2.png */ = {isa = PBXFileReference; lastKnownFileType = image.png; path = s_2.png; sourceTree = "<group>"; };
		FD63FC1F1B129FFE00021EDC /* s_3.png */ = {isa = PBXFileReference; lastKnownFileType = image.png; path = s_3.png; sourceTree = "<group>"; };
		FD63FC201B129FFE00021EDC /* s_4.png */ = {isa = PBXFileReference; lastKnownFileType = image.png; path = s_4.png; sourceTree = "<group>"; };
		FD63FC211B129FFE00021EDC /* s_5.png */ = {isa = PBXFileReference; lastKnownFileType = image.png; path = s_5.png; sourceTree = "<group>"; };
		FD63FC221B129FFE00021EDC /* s_6.png */ = {isa = PBXFileReference; lastKnownFileType = image.png; path = s_6.png; sourceTree = "<group>"; };
		FD63FC231B129FFE00021EDC /* s_7.png */ = {isa = PBXFileReference; lastKnownFileType = image.png; path = s_7.png; sourceTree = "<group>"; };
		FD63FC241B129FFE00021EDC /* s_8.png */ = {isa = PBXFileReference; lastKnownFileType = image.png; path = s_8.png; sourceTree = "<group>"; };
		FD63FC251B129FFE00021EDC /* s_hurt.png */ = {isa = PBXFileReference; lastKnownFileType = image.png; path = s_hurt.png; sourceTree = "<group>"; };
		FD63FC261B129FFE00021EDC /* s_jump.png */ = {isa = PBXFileReference; lastKnownFileType = image.png; path = s_jump.png; sourceTree = "<group>"; };
		FD63FC271B129FFE00021EDC /* score.png */ = {isa = PBXFileReference; lastKnownFileType = image.png; path = score.png; sourceTree = "<group>"; };
		FD63FC281B129FFE00021EDC /* shu.png */ = {isa = PBXFileReference; lastKnownFileType = image.png; path = shu.png; sourceTree = "<group>"; };
		FD63FC291B129FFE00021EDC /* sound-off-A.png */ = {isa = PBXFileReference; lastKnownFileType = image.png; path = "sound-off-A.png"; sourceTree = "<group>"; };
		FD63FC2A1B129FFE00021EDC /* sound-off-B.png */ = {isa = PBXFileReference; lastKnownFileType = image.png; path = "sound-off-B.png"; sourceTree = "<group>"; };
		FD63FC2B1B129FFE00021EDC /* sound-on-A.png */ = {isa = PBXFileReference; lastKnownFileType = image.png; path = "sound-on-A.png"; sourceTree = "<group>"; };
		FD63FC2C1B129FFE00021EDC /* sound-on-B.png */ = {isa = PBXFileReference; lastKnownFileType = image.png; path = "sound-on-B.png"; sourceTree = "<group>"; };
		FD63FC2D1B129FFE00021EDC /* star.png */ = {isa = PBXFileReference; lastKnownFileType = image.png; path = star.png; sourceTree = "<group>"; };
		FD63FC2E1B129FFE00021EDC /* tb.png */ = {isa = PBXFileReference; lastKnownFileType = image.png; path = tb.png; sourceTree = "<group>"; };
		FD63FCD51B12A03C00021EDC /* AppDelegate.cpp */ = {isa = PBXFileReference; fileEncoding = 4; lastKnownFileType = sourcecode.cpp.cpp; path = AppDelegate.cpp; sourceTree = "<group>"; };
		FD63FCD61B12A03C00021EDC /* AppDelegate.h */ = {isa = PBXFileReference; fileEncoding = 4; lastKnownFileType = sourcecode.c.h; path = AppDelegate.h; sourceTree = "<group>"; };
		FD63FCFB1B12A68D00021EDC /* back.jpg */ = {isa = PBXFileReference; lastKnownFileType = image.jpeg; path = back.jpg; sourceTree = "<group>"; };
		FD63FCFC1B12A68D00021EDC /* back1.mp3 */ = {isa = PBXFileReference; lastKnownFileType = audio.mp3; path = back1.mp3; sourceTree = "<group>"; };
		FD63FCFD1B12A68D00021EDC /* back2.jpg */ = {isa = PBXFileReference; lastKnownFileType = image.jpeg; path = back2.jpg; sourceTree = "<group>"; };
		FD63FCFE1B12A68D00021EDC /* back2.mp3 */ = {isa = PBXFileReference; lastKnownFileType = audio.mp3; path = back2.mp3; sourceTree = "<group>"; };
		FD63FCFF1B12A68D00021EDC /* CloseNormal.png */ = {isa = PBXFileReference; lastKnownFileType = image.png; path = CloseNormal.png; sourceTree = "<group>"; };
		FD63FD001B12A68D00021EDC /* CloseSelected.png */ = {isa = PBXFileReference; lastKnownFileType = image.png; path = CloseSelected.png; sourceTree = "<group>"; };
		FD63FD011B12A68D00021EDC /* ditu.png */ = {isa = PBXFileReference; lastKnownFileType = image.png; path = ditu.png; sourceTree = "<group>"; };
		FD63FD021B12A68D00021EDC /* ditu.tmx */ = {isa = PBXFileReference; fileEncoding = 4; lastKnownFileType = text.xml; path = ditu.tmx; sourceTree = "<group>"; };
		FD63FD031B12A68D00021EDC /* ditu2.png */ = {isa = PBXFileReference; lastKnownFileType = image.png; path = ditu2.png; sourceTree = "<group>"; };
		FD63FD041B12A68D00021EDC /* ditu2.tmx */ = {isa = PBXFileReference; fileEncoding = 4; lastKnownFileType = text.xml; path = ditu2.tmx; sourceTree = "<group>"; };
		FD63FD051B12A68D00021EDC /* eat.mp3 */ = {isa = PBXFileReference; lastKnownFileType = audio.mp3; path = eat.mp3; sourceTree = "<group>"; };
		FD63FD061B12A68D00021EDC /* end.mp3 */ = {isa = PBXFileReference; lastKnownFileType = audio.mp3; path = end.mp3; sourceTree = "<group>"; };
		FD63FD081B12A68D00021EDC /* Marker Felt.ttf */ = {isa = PBXFileReference; lastKnownFileType = file; path = "Marker Felt.ttf"; sourceTree = "<group>"; };
		FD63FD091B12A68D00021EDC /* HelloWorld.png */ = {isa = PBXFileReference; lastKnownFileType = image.png; path = HelloWorld.png; sourceTree = "<group>"; };
		FD63FD0A1B12A68D00021EDC /* karma1.png */ = {isa = PBXFileReference; lastKnownFileType = image.png; path = karma1.png; sourceTree = "<group>"; };
		FD63FD0B1B12A68D00021EDC /* MainScene.csb */ = {isa = PBXFileReference; lastKnownFileType = file; path = MainScene.csb; sourceTree = "<group>"; };
		FD63FD0C1B12A68D00021EDC /* menuback.jpg */ = {isa = PBXFileReference; lastKnownFileType = image.jpeg; path = menuback.jpg; sourceTree = "<group>"; };
		FD63FD0D1B12A68D00021EDC /* overback.jpg */ = {isa = PBXFileReference; lastKnownFileType = image.jpeg; path = overback.jpg; sourceTree = "<group>"; };
		FD63FD0E1B12A68D00021EDC /* playerrun.plist */ = {isa = PBXFileReference; fileEncoding = 4; lastKnownFileType = text.plist.xml; path = playerrun.plist; sourceTree = "<group>"; };
		FD63FD0F1B12A68D00021EDC /* playerrun.png */ = {isa = PBXFileReference; lastKnownFileType = image.png; path = playerrun.png; sourceTree = "<group>"; };
		FD63FD101B12A68D00021EDC /* playerrun.tps */ = {isa = PBXFileReference; fileEncoding = 4; lastKnownFileType = text.xml; path = playerrun.tps; sourceTree = "<group>"; };
		FD63FD111B12A68D00021EDC /* shengli.mp3 */ = {isa = PBXFileReference; lastKnownFileType = audio.mp3; path = shengli.mp3; sourceTree = "<group>"; };
		FD63FD121B12A68D00021EDC /* snow.png */ = {isa = PBXFileReference; lastKnownFileType = image.png; path = snow.png; sourceTree = "<group>"; };
		FD63FD131B12A68D00021EDC /* start.mp3 */ = {isa = PBXFileReference; lastKnownFileType = audio.mp3; path = start.mp3; sourceTree = "<group>"; };
		FD63FD141B12A68D00021EDC /* start_normal.png */ = {isa = PBXFileReference; lastKnownFileType = image.png; path = start_normal.png; sourceTree = "<group>"; };
		FD63FD151B12A68D00021EDC /* start_select.png */ = {isa = PBXFileReference; lastKnownFileType = image.png; path = start_select.png; sourceTree = "<group>"; };
		FD63FD161B12A68D00021EDC /* stoop.mp3 */ = {isa = PBXFileReference; lastKnownFileType = audio.mp3; path = stoop.mp3; sourceTree = "<group>"; };
		FD63FD171B12A68D00021EDC /* win.jpg */ = {isa = PBXFileReference; lastKnownFileType = image.jpeg; path = win.jpg; sourceTree = "<group>"; };
		FD63FD501B12A6A200021EDC /* GameRunScene.cpp */ = {isa = PBXFileReference; fileEncoding = 4; lastKnownFileType = sourcecode.cpp.cpp; path = GameRunScene.cpp; sourceTree = "<group>"; };
		FD63FD511B12A6A200021EDC /* GameRunScene.h */ = {isa = PBXFileReference; fileEncoding = 4; lastKnownFileType = sourcecode.c.h; path = GameRunScene.h; sourceTree = "<group>"; };
		FD63FD521B12A6A200021EDC /* MenuScene.cpp */ = {isa = PBXFileReference; fileEncoding = 4; lastKnownFileType = sourcecode.cpp.cpp; path = MenuScene.cpp; sourceTree = "<group>"; };
		FD63FD531B12A6A200021EDC /* MenuScene.h */ = {isa = PBXFileReference; fileEncoding = 4; lastKnownFileType = sourcecode.c.h; path = MenuScene.h; sourceTree = "<group>"; };
		FD63FD541B12A6A200021EDC /* SceneNavigator.cpp */ = {isa = PBXFileReference; fileEncoding = 4; lastKnownFileType = sourcecode.cpp.cpp; path = SceneNavigator.cpp; sourceTree = "<group>"; };
		FD63FD551B12A6A200021EDC /* SceneNavigator.h */ = {isa = PBXFileReference; fileEncoding = 4; lastKnownFileType = sourcecode.c.h; path = SceneNavigator.h; sourceTree = "<group>"; };
		FD63FD5C1B12A71000021EDC /* Runner.cpp */ = {isa = PBXFileReference; fileEncoding = 4; lastKnownFileType = sourcecode.cpp.cpp; path = Runner.cpp; sourceTree = "<group>"; };
		FD63FD5D1B12A71000021EDC /* Runner.h */ = {isa = PBXFileReference; fileEncoding = 4; lastKnownFileType = sourcecode.c.h; path = Runner.h; sourceTree = "<group>"; };
		FE4A434CB0497EB05B450757 /* libcocos2d iOS.a */ = {isa = PBXFileReference; lastKnownFileType = archive.ar; name = "libcocos2d iOS.a"; path = "/Applications/Cocos/frameworks/cocos2d-x-3.6/prebuilt/ios/libcocos2d iOS.a"; sourceTree = "<absolute>"; };
/* End PBXFileReference section */

/* Begin PBXFrameworksBuildPhase section */
		1D60588F0D05DD3D006BFB54 /* Frameworks */ = {
			isa = PBXFrameworksBuildPhase;
			buildActionMask = 2147483647;
			files = (
				52B47A471A53D09C004E4C60 /* Security.framework in Frameworks */,
				D6B0611B1803AB670077942B /* CoreMotion.framework in Frameworks */,
				1D60589F0D05DD5A006BFB54 /* Foundation.framework in Frameworks */,
				1DF5F4E00D08C38300B7A737 /* UIKit.framework in Frameworks */,
				288765A50DF7441C002DB57D /* CoreGraphics.framework in Frameworks */,
				BF171245129291EC00B8313A /* OpenGLES.framework in Frameworks */,
				BF1712471292920000B8313A /* libz.dylib in Frameworks */,
				BF1C47F01293687400B63C5D /* QuartzCore.framework in Frameworks */,
				D44C620C132DFF330009C878 /* OpenAL.framework in Frameworks */,
				D44C620E132DFF430009C878 /* AVFoundation.framework in Frameworks */,
				D44C6210132DFF4E0009C878 /* AudioToolbox.framework in Frameworks */,
				68DF4CD48FF618773F3C8241 /* libcocos2d iOS.a in Frameworks */,
			);
			runOnlyForDeploymentPostprocessing = 0;
		};
		5087E75C17EB910900C73F5D /* Frameworks */ = {
			isa = PBXFrameworksBuildPhase;
			buildActionMask = 2147483647;
			files = (
				5087E76717EB910900C73F5D /* libz.dylib in Frameworks */,
				8262943E1AAF051F00CB7CF7 /* Security.framework in Frameworks */,
				503AE11B17EB9C5A00D1A890 /* IOKit.framework in Frameworks */,
				5087E78B17EB975400C73F5D /* OpenGL.framework in Frameworks */,
				5087E78917EB974C00C73F5D /* AppKit.framework in Frameworks */,
				5087E76317EB910900C73F5D /* Foundation.framework in Frameworks */,
				5087E76817EB910900C73F5D /* QuartzCore.framework in Frameworks */,
				5087E76917EB910900C73F5D /* OpenAL.framework in Frameworks */,
				5087E76A17EB910900C73F5D /* AVFoundation.framework in Frameworks */,
				5087E76B17EB910900C73F5D /* AudioToolbox.framework in Frameworks */,
				9F8B4F24824617F9A0E5789A /* libcocos2d Mac.a in Frameworks */,
			);
			runOnlyForDeploymentPostprocessing = 0;
		};
/* End PBXFrameworksBuildPhase section */

/* Begin PBXGroup section */
		080E96DDFE201D6D7F000001 /* ios */ = {
			isa = PBXGroup;
			children = (
				5087E77117EB970100C73F5D /* Icons */,
				503AE0FA17EB989F00D1A890 /* AppController.h */,
				503AE0FB17EB989F00D1A890 /* AppController.mm */,
				503AE0FC17EB989F00D1A890 /* main.m */,
				503AE0FD17EB989F00D1A890 /* Prefix.pch */,
				503AE0FE17EB989F00D1A890 /* RootViewController.h */,
				503AE0FF17EB989F00D1A890 /* RootViewController.mm */,
			);
			name = ios;
			path = Classes;
			sourceTree = "<group>";
		};
		19C28FACFE9D520D11CA2CBB /* Products */ = {
			isa = PBXGroup;
			children = (
				1D6058910D05DD3D006BFB54 /* RunCpp iOS.app */,
				5087E76F17EB910900C73F5D /* RunCpp Mac.app */,
			);
			name = Products;
			sourceTree = "<group>";
		};
		29B97314FDCFA39411CA2CEA /* CustomTemplate */ = {
			isa = PBXGroup;
			children = (
				46880B8319C43A87006E1F66 /* Classes */,
				46880B7519C43A67006E1F66 /* Resources */,
				29B97323FDCFA39411CA2CEA /* Frameworks */,
				080E96DDFE201D6D7F000001 /* ios */,
				503AE10617EB990700D1A890 /* mac */,
				19C28FACFE9D520D11CA2CBB /* Products */,
				69B64FD9AF982FA2E8A6837F /* ios-libs */,
				91394B6CA6653CFBC51E5063 /* mac-libs */,
			);
			name = CustomTemplate;
			sourceTree = "<group>";
		};
		29B97323FDCFA39411CA2CEA /* Frameworks */ = {
			isa = PBXGroup;
			children = (
				8262943D1AAF051F00CB7CF7 /* Security.framework */,
				52B47A461A53D09B004E4C60 /* Security.framework */,
				D6B0611A1803AB670077942B /* CoreMotion.framework */,
				503AE11A17EB9C5A00D1A890 /* IOKit.framework */,
				503AE11117EB99EE00D1A890 /* libcurl.dylib */,
				5087E78A17EB975400C73F5D /* OpenGL.framework */,
				5087E78817EB974C00C73F5D /* AppKit.framework */,
				1ACB3243164770DE00914215 /* libcurl.a */,
				BF170DB412928DE900B8313A /* libz.dylib */,
				D44C620F132DFF4E0009C878 /* AudioToolbox.framework */,
				D44C620D132DFF430009C878 /* AVFoundation.framework */,
				288765A40DF7441C002DB57D /* CoreGraphics.framework */,
				1D30AB110D05D00D00671497 /* Foundation.framework */,
				D44C620B132DFF330009C878 /* OpenAL.framework */,
				BF170DB012928DE900B8313A /* OpenGLES.framework */,
				BF1C47EA1293683800B63C5D /* QuartzCore.framework */,
				1DF5F4DF0D08C38300B7A737 /* UIKit.framework */,
			);
			name = Frameworks;
			sourceTree = "<group>";
		};
		46880B7519C43A67006E1F66 /* Resources */ = {
			isa = PBXGroup;
			children = (
				FD63FCFA1B12A68D00021EDC /* res */,
				FD63FBD81B129FDD00021EDC /* img */,
			);
			name = Resources;
			path = ../Resources;
			sourceTree = "<group>";
		};
		46880B8319C43A87006E1F66 /* Classes */ = {
			isa = PBXGroup;
			children = (
				FD63FCD51B12A03C00021EDC /* AppDelegate.cpp */,
				FD63FCD61B12A03C00021EDC /* AppDelegate.h */,
				FD63FD501B12A6A200021EDC /* GameRunScene.cpp */,
				FD63FD511B12A6A200021EDC /* GameRunScene.h */,
				FD63FD521B12A6A200021EDC /* MenuScene.cpp */,
				FD63FD531B12A6A200021EDC /* MenuScene.h */,
				FD63FD541B12A6A200021EDC /* SceneNavigator.cpp */,
				FD63FD551B12A6A200021EDC /* SceneNavigator.h */,
				FD63FD5C1B12A71000021EDC /* Runner.cpp */,
				FD63FD5D1B12A71000021EDC /* Runner.h */,
			);
			name = Classes;
			path = ../Classes;
			sourceTree = "<group>";
		};
		503AE0F517EB97AB00D1A890 /* Icons */ = {
			isa = PBXGroup;
			children = (
				503AE0F617EB97AB00D1A890 /* Icon.icns */,
				503AE0F717EB97AB00D1A890 /* Info.plist */,
			);
			name = Icons;
			path = mac;
			sourceTree = SOURCE_ROOT;
		};
		503AE10617EB990700D1A890 /* mac */ = {
			isa = PBXGroup;
			children = (
				503AE0F517EB97AB00D1A890 /* Icons */,
				503AE10317EB98FF00D1A890 /* main.cpp */,
				503AE10417EB98FF00D1A890 /* Prefix.pch */,
			);
			name = mac;
			sourceTree = "<group>";
		};
		5087E77117EB970100C73F5D /* Icons */ = {
			isa = PBXGroup;
			children = (
				521A8E6219F0C34300D177D7 /* Default-667h@2x.png */,
				521A8E6319F0C34300D177D7 /* Default-736h@3x.png */,
				5087E77217EB970100C73F5D /* Default-568h@2x.png */,
				5087E77317EB970100C73F5D /* Default.png */,
				5087E77417EB970100C73F5D /* Default@2x.png */,
				50EF62A017ECD613001EB2F8 /* Icon-29.png */,
				50EF62A117ECD613001EB2F8 /* Icon-50.png */,
				50EF629217ECD46A001EB2F8 /* Icon-40.png */,
				50EF629317ECD46A001EB2F8 /* Icon-58.png */,
				50EF629417ECD46A001EB2F8 /* Icon-80.png */,
				50EF629517ECD46A001EB2F8 /* Icon-100.png */,
				5087E77517EB970100C73F5D /* Icon-114.png */,
				5087E77617EB970100C73F5D /* Icon-120.png */,
				5087E77717EB970100C73F5D /* Icon-144.png */,
				5087E77817EB970100C73F5D /* Icon-152.png */,
				5087E77917EB970100C73F5D /* Icon-57.png */,
				5087E77A17EB970100C73F5D /* Icon-72.png */,
				5087E77B17EB970100C73F5D /* Icon-76.png */,
				5087E77C17EB970100C73F5D /* Info.plist */,
			);
			name = Icons;
			path = ios;
			sourceTree = SOURCE_ROOT;
		};
		69B64FD9AF982FA2E8A6837F /* ios-libs */ = {
			isa = PBXGroup;
			children = (
				FE4A434CB0497EB05B450757 /* libcocos2d iOS.a */,
			);
			name = "ios-libs";
			sourceTree = "<group>";
		};
		91394B6CA6653CFBC51E5063 /* mac-libs */ = {
			isa = PBXGroup;
			children = (
				62FC4D32A80EFB11E0A6CF2A /* libcocos2d Mac.a */,
			);
			name = "mac-libs";
			sourceTree = "<group>";
		};
		FD63FBD81B129FDD00021EDC /* img */ = {
			isa = PBXGroup;
			children = (
				FD63FBD91B129FFE00021EDC /* about.png */,
				FD63FBDA1B129FFE00021EDC /* aboutA.png */,
				FD63FBDB1B129FFE00021EDC /* aboutB.png */,
				FD63FBDC1B129FFE00021EDC /* back_1_d.png */,
				FD63FBDD1B129FFE00021EDC /* back_1.png */,
				FD63FBDE1B129FFE00021EDC /* back_2.png */,
				FD63FBDF1B129FFE00021EDC /* back_3.png */,
				FD63FBE01B129FFE00021EDC /* back_4.png */,
				FD63FBE11B129FFE00021EDC /* back_5_d.png */,
				FD63FBE21B129FFE00021EDC /* back_5.png */,
				FD63FBE31B129FFE00021EDC /* back.png */,
				FD63FBE41B129FFE00021EDC /* backA.png */,
				FD63FBE51B129FFE00021EDC /* backB.png */,
				FD63FBE61B129FFE00021EDC /* background.mp3 */,
				FD63FBE71B129FFE00021EDC /* continueA.png */,
				FD63FBE81B129FFE00021EDC /* continueB.png */,
				FD63FBE91B129FFE00021EDC /* Default.png */,
				FD63FBEA1B129FFE00021EDC /* enemy.png */,
				FD63FBEB1B129FFE00021EDC /* fonts */,
				FD63FBED1B129FFE00021EDC /* fps_images.png */,
				FD63FBEE1B129FFE00021EDC /* gameover.png */,
				FD63FBEF1B129FFE00021EDC /* HelloWorld.png */,
				FD63FBF01B129FFE00021EDC /* Icon-72.png */,
				FD63FBF11B129FFE00021EDC /* Icon-Small-50.png */,
				FD63FBF21B129FFE00021EDC /* Icon-Small.png */,
				FD63FBF31B129FFE00021EDC /* Icon-Small@2x.png */,
				FD63FBF41B129FFE00021EDC /* Icon.png */,
				FD63FBF51B129FFE00021EDC /* Icon@2x.png */,
				FD63FBF61B129FFE00021EDC /* iTunesArtwork */,
				FD63FBF71B129FFE00021EDC /* MainMenu.png */,
				FD63FBF81B129FFE00021EDC /* newgameA.png */,
				FD63FBF91B129FFE00021EDC /* newgameB.png */,
				FD63FC181B129FFE00021EDC /* road_1.png */,
				FD63FC191B129FFE00021EDC /* road_2.png */,
				FD63FC1A1B129FFE00021EDC /* road_3.png */,
				FD63FC1B1B129FFE00021EDC /* road_4.png */,
				FD63FC1C1B129FFE00021EDC /* road_5.png */,
				FD63FC1D1B129FFE00021EDC /* s_1.png */,
				FD63FC1E1B129FFE00021EDC /* s_2.png */,
				FD63FC1F1B129FFE00021EDC /* s_3.png */,
				FD63FC201B129FFE00021EDC /* s_4.png */,
				FD63FC211B129FFE00021EDC /* s_5.png */,
				FD63FC221B129FFE00021EDC /* s_6.png */,
				FD63FC231B129FFE00021EDC /* s_7.png */,
				FD63FC241B129FFE00021EDC /* s_8.png */,
				FD63FC251B129FFE00021EDC /* s_hurt.png */,
				FD63FC261B129FFE00021EDC /* s_jump.png */,
				FD63FC271B129FFE00021EDC /* score.png */,
				FD63FC281B129FFE00021EDC /* shu.png */,
				FD63FC291B129FFE00021EDC /* sound-off-A.png */,
				FD63FC2A1B129FFE00021EDC /* sound-off-B.png */,
				FD63FC2B1B129FFE00021EDC /* sound-on-A.png */,
				FD63FC2C1B129FFE00021EDC /* sound-on-B.png */,
				FD63FC2D1B129FFE00021EDC /* star.png */,
				FD63FC2E1B129FFE00021EDC /* tb.png */,
			);
			name = img;
			sourceTree = "<group>";
		};
		FD63FBEB1B129FFE00021EDC /* fonts */ = {
			isa = PBXGroup;
			children = (
				FD63FBEC1B129FFE00021EDC /* Marker Felt.ttf */,
			);
			path = fonts;
			sourceTree = "<group>";
		};
		FD63FCFA1B12A68D00021EDC /* res */ = {
			isa = PBXGroup;
			children = (
				FD63FCFB1B12A68D00021EDC /* back.jpg */,
				FD63FCFC1B12A68D00021EDC /* back1.mp3 */,
				FD63FCFD1B12A68D00021EDC /* back2.jpg */,
				FD63FCFE1B12A68D00021EDC /* back2.mp3 */,
				FD63FCFF1B12A68D00021EDC /* CloseNormal.png */,
				FD63FD001B12A68D00021EDC /* CloseSelected.png */,
				FD63FD011B12A68D00021EDC /* ditu.png */,
				FD63FD021B12A68D00021EDC /* ditu.tmx */,
				FD63FD031B12A68D00021EDC /* ditu2.png */,
				FD63FD041B12A68D00021EDC /* ditu2.tmx */,
				FD63FD051B12A68D00021EDC /* eat.mp3 */,
				FD63FD061B12A68D00021EDC /* end.mp3 */,
				FD63FD071B12A68D00021EDC /* fonts */,
				FD63FD091B12A68D00021EDC /* HelloWorld.png */,
				FD63FD0A1B12A68D00021EDC /* karma1.png */,
				FD63FD0B1B12A68D00021EDC /* MainScene.csb */,
				FD63FD0C1B12A68D00021EDC /* menuback.jpg */,
				FD63FD0D1B12A68D00021EDC /* overback.jpg */,
				FD63FD0E1B12A68D00021EDC /* playerrun.plist */,
				FD63FD0F1B12A68D00021EDC /* playerrun.png */,
				FD63FD101B12A68D00021EDC /* playerrun.tps */,
				FD63FD111B12A68D00021EDC /* shengli.mp3 */,
				FD63FD121B12A68D00021EDC /* snow.png */,
				FD63FD131B12A68D00021EDC /* start.mp3 */,
				FD63FD141B12A68D00021EDC /* start_normal.png */,
				FD63FD151B12A68D00021EDC /* start_select.png */,
				FD63FD161B12A68D00021EDC /* stoop.mp3 */,
				FD63FD171B12A68D00021EDC /* win.jpg */,
			);
			path = res;
			sourceTree = "<group>";
		};
		FD63FD071B12A68D00021EDC /* fonts */ = {
			isa = PBXGroup;
			children = (
				FD63FD081B12A68D00021EDC /* Marker Felt.ttf */,
			);
			path = fonts;
			sourceTree = "<group>";
		};
/* End PBXGroup section */

/* Begin PBXNativeTarget section */
		1D6058900D05DD3D006BFB54 /* RunCpp iOS */ = {
			isa = PBXNativeTarget;
			buildConfigurationList = 1D6058960D05DD3E006BFB54 /* Build configuration list for PBXNativeTarget "RunCpp iOS" */;
			buildPhases = (
				1D60588D0D05DD3D006BFB54 /* Resources */,
				1D60588E0D05DD3D006BFB54 /* Sources */,
				1D60588F0D05DD3D006BFB54 /* Frameworks */,
			);
			buildRules = (
			);
			dependencies = (
			);
			name = "RunCpp iOS";
			productName = iphone;
			productReference = 1D6058910D05DD3D006BFB54 /* RunCpp iOS.app */;
			productType = "com.apple.product-type.application";
		};
		5087E73D17EB910900C73F5D /* RunCpp Mac */ = {
			isa = PBXNativeTarget;
			buildConfigurationList = 5087E76C17EB910900C73F5D /* Build configuration list for PBXNativeTarget "RunCpp Mac" */;
			buildPhases = (
				5087E74817EB910900C73F5D /* Resources */,
				5087E75617EB910900C73F5D /* Sources */,
				5087E75C17EB910900C73F5D /* Frameworks */,
			);
			buildRules = (
			);
			dependencies = (
			);
			name = "RunCpp Mac";
			productName = iphone;
			productReference = 5087E76F17EB910900C73F5D /* RunCpp Mac.app */;
			productType = "com.apple.product-type.application";
		};
/* End PBXNativeTarget section */

/* Begin PBXProject section */
		29B97313FDCFA39411CA2CEA /* Project object */ = {
			isa = PBXProject;
			attributes = {
				LastUpgradeCheck = 0500;
				TargetAttributes = {
					1D6058900D05DD3D006BFB54 = {
						DevelopmentTeam = MDDB52YB8L;
					};
				};
			};
			buildConfigurationList = C01FCF4E08A954540054247B /* Build configuration list for PBXProject "RunCpp" */;
			compatibilityVersion = "Xcode 3.2";
			developmentRegion = English;
			hasScannedForEncodings = 1;
			knownRegions = (
				English,
				Japanese,
				French,
				German,
			);
			mainGroup = 29B97314FDCFA39411CA2CEA /* CustomTemplate */;
			projectDirPath = "";
			projectRoot = "";
			targets = (
				1D6058900D05DD3D006BFB54 /* RunCpp iOS */,
				5087E73D17EB910900C73F5D /* RunCpp Mac */,
			);
		};
/* End PBXProject section */

/* Begin PBXResourcesBuildPhase section */
		1D60588D0D05DD3D006BFB54 /* Resources */ = {
			isa = PBXResourcesBuildPhase;
			buildActionMask = 2147483647;
			files = (
				5087E78117EB970100C73F5D /* Icon-120.png in Resources */,
				FD63FD241B12A68D00021EDC /* ditu.png in Resources */,
				FD63FD441B12A68D00021EDC /* snow.png in Resources */,
				FD63FC551B129FFE00021EDC /* fps_images.png in Resources */,
				FD63FD2C1B12A68D00021EDC /* eat.mp3 in Resources */,
				FD63FC351B129FFE00021EDC /* back_1_d.png in Resources */,
				FD63FCB31B129FFE00021EDC /* s_2.png in Resources */,
				FD63FD4A1B12A68D00021EDC /* start_select.png in Resources */,
				5087E78617EB970100C73F5D /* Icon-76.png in Resources */,
				5087E77F17EB970100C73F5D /* Default@2x.png in Resources */,
				FD63FD1A1B12A68D00021EDC /* back1.mp3 in Resources */,
				FD63FC651B129FFE00021EDC /* Icon@2x.png in Resources */,
				FD63FC591B129FFE00021EDC /* HelloWorld.png in Resources */,
				FD63FD3C1B12A68D00021EDC /* playerrun.plist in Resources */,
				FD63FCA71B129FFE00021EDC /* road_1.png in Resources */,
				FD63FC4F1B129FFE00021EDC /* Default.png in Resources */,
				FD63FD1C1B12A68D00021EDC /* back2.jpg in Resources */,
				FD63FD1E1B12A68D00021EDC /* back2.mp3 in Resources */,
				50EF629917ECD46A001EB2F8 /* Icon-100.png in Resources */,
				FD63FCC71B129FFE00021EDC /* shu.png in Resources */,
				FD63FC4D1B129FFE00021EDC /* continueB.png in Resources */,
				FD63FC5F1B129FFE00021EDC /* Icon-Small.png in Resources */,
				FD63FCC11B129FFE00021EDC /* s_hurt.png in Resources */,
				FD63FC571B129FFE00021EDC /* gameover.png in Resources */,
				FD63FC371B129FFE00021EDC /* back_1.png in Resources */,
				FD63FCCB1B129FFE00021EDC /* sound-off-B.png in Resources */,
				FD63FC411B129FFE00021EDC /* back_5.png in Resources */,
				FD63FC531B129FFE00021EDC /* Marker Felt.ttf in Resources */,
				5087E78317EB970100C73F5D /* Icon-152.png in Resources */,
				FD63FD301B12A68D00021EDC /* Marker Felt.ttf in Resources */,
				FD63FD321B12A68D00021EDC /* HelloWorld.png in Resources */,
				FD63FD4E1B12A68D00021EDC /* win.jpg in Resources */,
				FD63FC471B129FFE00021EDC /* backB.png in Resources */,
				FD63FC5D1B129FFE00021EDC /* Icon-Small-50.png in Resources */,
				FD63FCBB1B129FFE00021EDC /* s_6.png in Resources */,
				FD63FCB71B129FFE00021EDC /* s_4.png in Resources */,
				FD63FC431B129FFE00021EDC /* back.png in Resources */,
				FD63FC391B129FFE00021EDC /* back_2.png in Resources */,
				FD63FD261B12A68D00021EDC /* ditu.tmx in Resources */,
				5087E77D17EB970100C73F5D /* Default-568h@2x.png in Resources */,
				FD63FD201B12A68D00021EDC /* CloseNormal.png in Resources */,
				FD63FD181B12A68D00021EDC /* back.jpg in Resources */,
				FD63FC511B129FFE00021EDC /* enemy.png in Resources */,
				FD63FC611B129FFE00021EDC /* Icon-Small@2x.png in Resources */,
				FD63FCAD1B129FFE00021EDC /* road_4.png in Resources */,
				FD63FCAF1B129FFE00021EDC /* road_5.png in Resources */,
				FD63FC491B129FFE00021EDC /* background.mp3 in Resources */,
				FD63FC3D1B129FFE00021EDC /* back_4.png in Resources */,
				FD63FCA91B129FFE00021EDC /* road_2.png in Resources */,
				FD63FCB91B129FFE00021EDC /* s_5.png in Resources */,
				FD63FC691B129FFE00021EDC /* MainMenu.png in Resources */,
				FD63FCCD1B129FFE00021EDC /* sound-on-A.png in Resources */,
				FD63FC4B1B129FFE00021EDC /* continueA.png in Resources */,
				FD63FD421B12A68D00021EDC /* shengli.mp3 in Resources */,
				FD63FCB51B129FFE00021EDC /* s_3.png in Resources */,
				FD63FD341B12A68D00021EDC /* karma1.png in Resources */,
				FD63FD381B12A68D00021EDC /* menuback.jpg in Resources */,
				FD63FC3F1B129FFE00021EDC /* back_5_d.png in Resources */,
				FD63FD401B12A68D00021EDC /* playerrun.tps in Resources */,
				FD63FD461B12A68D00021EDC /* start.mp3 in Resources */,
				FD63FCC31B129FFE00021EDC /* s_jump.png in Resources */,
				FD63FD4C1B12A68D00021EDC /* stoop.mp3 in Resources */,
				FD63FCC51B129FFE00021EDC /* score.png in Resources */,
				5087E78517EB970100C73F5D /* Icon-72.png in Resources */,
				FD63FCBD1B129FFE00021EDC /* s_7.png in Resources */,
				FD63FD2A1B12A68D00021EDC /* ditu2.tmx in Resources */,
				FD63FC631B129FFE00021EDC /* Icon.png in Resources */,
				FD63FCD11B129FFE00021EDC /* star.png in Resources */,
				FD63FD3E1B12A68D00021EDC /* playerrun.png in Resources */,
				521A8E6519F0C34300D177D7 /* Default-736h@3x.png in Resources */,
				50EF62A317ECD613001EB2F8 /* Icon-50.png in Resources */,
				5087E78017EB970100C73F5D /* Icon-114.png in Resources */,
				FD63FC6B1B129FFE00021EDC /* newgameA.png in Resources */,
				FD63FD3A1B12A68D00021EDC /* overback.jpg in Resources */,
				50EF62A217ECD613001EB2F8 /* Icon-29.png in Resources */,
				FD63FCC91B129FFE00021EDC /* sound-off-A.png in Resources */,
				50EF629617ECD46A001EB2F8 /* Icon-40.png in Resources */,
				5087E78217EB970100C73F5D /* Icon-144.png in Resources */,
				FD63FD481B12A68D00021EDC /* start_normal.png in Resources */,
				FD63FC671B129FFE00021EDC /* iTunesArtwork in Resources */,
				FD63FC311B129FFE00021EDC /* aboutA.png in Resources */,
				50EF629817ECD46A001EB2F8 /* Icon-80.png in Resources */,
				FD63FD2E1B12A68D00021EDC /* end.mp3 in Resources */,
				FD63FC2F1B129FFE00021EDC /* about.png in Resources */,
				FD63FD281B12A68D00021EDC /* ditu2.png in Resources */,
				FD63FD361B12A68D00021EDC /* MainScene.csb in Resources */,
				FD63FC3B1B129FFE00021EDC /* back_3.png in Resources */,
				FD63FCD31B129FFE00021EDC /* tb.png in Resources */,
				FD63FD221B12A68D00021EDC /* CloseSelected.png in Resources */,
				FD63FC451B129FFE00021EDC /* backA.png in Resources */,
				FD63FC6D1B129FFE00021EDC /* newgameB.png in Resources */,
				FD63FCAB1B129FFE00021EDC /* road_3.png in Resources */,
				5087E78417EB970100C73F5D /* Icon-57.png in Resources */,
				FD63FCBF1B129FFE00021EDC /* s_8.png in Resources */,
				FD63FC5B1B129FFE00021EDC /* Icon-72.png in Resources */,
				5087E77E17EB970100C73F5D /* Default.png in Resources */,
				521A8E6419F0C34300D177D7 /* Default-667h@2x.png in Resources */,
				FD63FCB11B129FFE00021EDC /* s_1.png in Resources */,
				FD63FC331B129FFE00021EDC /* aboutB.png in Resources */,
				50EF629717ECD46A001EB2F8 /* Icon-58.png in Resources */,
				FD63FCCF1B129FFE00021EDC /* sound-on-B.png in Resources */,
			);
			runOnlyForDeploymentPostprocessing = 0;
		};
		5087E74817EB910900C73F5D /* Resources */ = {
			isa = PBXResourcesBuildPhase;
			buildActionMask = 2147483647;
			files = (
				FD63FCAA1B129FFE00021EDC /* road_2.png in Resources */,
				FD63FD4D1B12A68D00021EDC /* stoop.mp3 in Resources */,
				FD63FD2D1B12A68D00021EDC /* eat.mp3 in Resources */,
				FD63FC421B129FFE00021EDC /* back_5.png in Resources */,
				FD63FC661B129FFE00021EDC /* Icon@2x.png in Resources */,
				FD63FD491B12A68D00021EDC /* start_normal.png in Resources */,
				FD63FC501B129FFE00021EDC /* Default.png in Resources */,
				FD63FCB41B129FFE00021EDC /* s_2.png in Resources */,
				FD63FD271B12A68D00021EDC /* ditu.tmx in Resources */,
				FD63FC4A1B129FFE00021EDC /* background.mp3 in Resources */,
				FD63FC6C1B129FFE00021EDC /* newgameA.png in Resources */,
				FD63FD191B12A68D00021EDC /* back.jpg in Resources */,
				FD63FC3C1B129FFE00021EDC /* back_3.png in Resources */,
				FD63FCC01B129FFE00021EDC /* s_8.png in Resources */,
				FD63FC541B129FFE00021EDC /* Marker Felt.ttf in Resources */,
				FD63FC6A1B129FFE00021EDC /* MainMenu.png in Resources */,
				FD63FCB01B129FFE00021EDC /* road_5.png in Resources */,
				FD63FD1B1B12A68D00021EDC /* back1.mp3 in Resources */,
				FD63FD2F1B12A68D00021EDC /* end.mp3 in Resources */,
				FD63FCCC1B129FFE00021EDC /* sound-off-B.png in Resources */,
				FD63FCC81B129FFE00021EDC /* shu.png in Resources */,
				FD63FD391B12A68D00021EDC /* menuback.jpg in Resources */,
				FD63FD311B12A68D00021EDC /* Marker Felt.ttf in Resources */,
				FD63FD431B12A68D00021EDC /* shengli.mp3 in Resources */,
				FD63FD4F1B12A68D00021EDC /* win.jpg in Resources */,
				FD63FD451B12A68D00021EDC /* snow.png in Resources */,
				FD63FC5C1B129FFE00021EDC /* Icon-72.png in Resources */,
				FD63FC561B129FFE00021EDC /* fps_images.png in Resources */,
				FD63FC521B129FFE00021EDC /* enemy.png in Resources */,
				FD63FCB21B129FFE00021EDC /* s_1.png in Resources */,
				503AE0F817EB97AB00D1A890 /* Icon.icns in Resources */,
				FD63FD331B12A68D00021EDC /* HelloWorld.png in Resources */,
				FD63FC461B129FFE00021EDC /* backA.png in Resources */,
				FD63FC5A1B129FFE00021EDC /* HelloWorld.png in Resources */,
				FD63FC4E1B129FFE00021EDC /* continueB.png in Resources */,
				FD63FCCE1B129FFE00021EDC /* sound-on-A.png in Resources */,
				FD63FC681B129FFE00021EDC /* iTunesArtwork in Resources */,
				FD63FCC21B129FFE00021EDC /* s_hurt.png in Resources */,
				FD63FD1D1B12A68D00021EDC /* back2.jpg in Resources */,
				FD63FCD01B129FFE00021EDC /* sound-on-B.png in Resources */,
				FD63FD471B12A68D00021EDC /* start.mp3 in Resources */,
				FD63FC641B129FFE00021EDC /* Icon.png in Resources */,
				FD63FC621B129FFE00021EDC /* Icon-Small@2x.png in Resources */,
				FD63FD411B12A68D00021EDC /* playerrun.tps in Resources */,
				FD63FD291B12A68D00021EDC /* ditu2.png in Resources */,
				FD63FCD41B129FFE00021EDC /* tb.png in Resources */,
				FD63FCC41B129FFE00021EDC /* s_jump.png in Resources */,
				FD63FC3E1B129FFE00021EDC /* back_4.png in Resources */,
				FD63FC6E1B129FFE00021EDC /* newgameB.png in Resources */,
				FD63FC4C1B129FFE00021EDC /* continueA.png in Resources */,
				FD63FC301B129FFE00021EDC /* about.png in Resources */,
				FD63FC3A1B129FFE00021EDC /* back_2.png in Resources */,
				FD63FCBE1B129FFE00021EDC /* s_7.png in Resources */,
				FD63FC601B129FFE00021EDC /* Icon-Small.png in Resources */,
				FD63FC381B129FFE00021EDC /* back_1.png in Resources */,
				FD63FCB61B129FFE00021EDC /* s_3.png in Resources */,
				FD63FC5E1B129FFE00021EDC /* Icon-Small-50.png in Resources */,
				FD63FCCA1B129FFE00021EDC /* sound-off-A.png in Resources */,
				FD63FC361B129FFE00021EDC /* back_1_d.png in Resources */,
				FD63FD231B12A68D00021EDC /* CloseSelected.png in Resources */,
				FD63FC481B129FFE00021EDC /* backB.png in Resources */,
				FD63FD211B12A68D00021EDC /* CloseNormal.png in Resources */,
				FD63FC441B129FFE00021EDC /* back.png in Resources */,
				FD63FD351B12A68D00021EDC /* karma1.png in Resources */,
				FD63FCC61B129FFE00021EDC /* score.png in Resources */,
				FD63FD2B1B12A68D00021EDC /* ditu2.tmx in Resources */,
				FD63FCBA1B129FFE00021EDC /* s_5.png in Resources */,
				FD63FC401B129FFE00021EDC /* back_5_d.png in Resources */,
				FD63FCAC1B129FFE00021EDC /* road_3.png in Resources */,
				FD63FCAE1B129FFE00021EDC /* road_4.png in Resources */,
				FD63FD371B12A68D00021EDC /* MainScene.csb in Resources */,
				FD63FCA81B129FFE00021EDC /* road_1.png in Resources */,
				FD63FCB81B129FFE00021EDC /* s_4.png in Resources */,
				FD63FD251B12A68D00021EDC /* ditu.png in Resources */,
				FD63FD4B1B12A68D00021EDC /* start_select.png in Resources */,
				FD63FD1F1B12A68D00021EDC /* back2.mp3 in Resources */,
				FD63FD3B1B12A68D00021EDC /* overback.jpg in Resources */,
				FD63FCBC1B129FFE00021EDC /* s_6.png in Resources */,
				FD63FD3D1B12A68D00021EDC /* playerrun.plist in Resources */,
				FD63FC341B129FFE00021EDC /* aboutB.png in Resources */,
				FD63FC321B129FFE00021EDC /* aboutA.png in Resources */,
				FD63FC581B129FFE00021EDC /* gameover.png in Resources */,
				FD63FD3F1B12A68D00021EDC /* playerrun.png in Resources */,
				FD63FCD21B129FFE00021EDC /* star.png in Resources */,
			);
			runOnlyForDeploymentPostprocessing = 0;
		};
/* End PBXResourcesBuildPhase section */

/* Begin PBXSourcesBuildPhase section */
		1D60588E0D05DD3D006BFB54 /* Sources */ = {
			isa = PBXSourcesBuildPhase;
			buildActionMask = 2147483647;
			files = (
				FD63FCE81B12A03C00021EDC /* AppDelegate.cpp in Sources */,
				FD63FD581B12A6A200021EDC /* MenuScene.cpp in Sources */,
				503AE10017EB989F00D1A890 /* AppController.mm in Sources */,
				FD63FD5A1B12A6A200021EDC /* SceneNavigator.cpp in Sources */,
				FD63FD561B12A6A200021EDC /* GameRunScene.cpp in Sources */,
				FD63FD5E1B12A71000021EDC /* Runner.cpp in Sources */,
				503AE10217EB989F00D1A890 /* RootViewController.mm in Sources */,
				503AE10117EB989F00D1A890 /* main.m in Sources */,
			);
			runOnlyForDeploymentPostprocessing = 0;
		};
		5087E75617EB910900C73F5D /* Sources */ = {
			isa = PBXSourcesBuildPhase;
			buildActionMask = 2147483647;
			files = (
				FD63FD5B1B12A6A200021EDC /* SceneNavigator.cpp in Sources */,
				FD63FCE91B12A03C00021EDC /* AppDelegate.cpp in Sources */,
				FD63FD591B12A6A200021EDC /* MenuScene.cpp in Sources */,
				FD63FD5F1B12A71000021EDC /* Runner.cpp in Sources */,
				503AE10517EB98FF00D1A890 /* main.cpp in Sources */,
				FD63FD571B12A6A200021EDC /* GameRunScene.cpp in Sources */,
			);
			runOnlyForDeploymentPostprocessing = 0;
		};
/* End PBXSourcesBuildPhase section */

/* Begin XCBuildConfiguration section */
		1D6058940D05DD3E006BFB54 /* Debug */ = {
			isa = XCBuildConfiguration;
			buildSettings = {
				ALWAYS_SEARCH_USER_PATHS = YES;
				CODE_SIGN_IDENTITY = "iPhone Developer";
				COMPRESS_PNG_FILES = NO;
				GCC_DYNAMIC_NO_PIC = NO;
				GCC_INLINES_ARE_PRIVATE_EXTERN = NO;
				GCC_PRECOMPILE_PREFIX_HEADER = YES;
				GCC_PREFIX_HEADER = ios/Prefix.pch;
				GCC_PREPROCESSOR_DEFINITIONS = (
					USE_FILE32API,
					CC_TARGET_OS_IPHONE,
					"COCOS2D_DEBUG=1",
					"CC_ENABLE_CHIPMUNK_INTEGRATION=1",
				);
				GCC_SYMBOLS_PRIVATE_EXTERN = NO;
				HEADER_SEARCH_PATHS = (
					"$(inherited)",
					"/Applications/Cocos/frameworks/cocos2d-x-3.6/cocos/platform/ios",
					"/Applications/Cocos/frameworks/cocos2d-x-3.6/cocos/platform/ios/Simulation",
				);
				INFOPLIST_FILE = ios/Info.plist;
				IPHONEOS_DEPLOYMENT_TARGET = 5.0;
				LIBRARY_SEARCH_PATHS = " /Applications/Cocos/frameworks/cocos2d-x-3.6/prebuilt/ios";
				OTHER_LDFLAGS = (
					"$(_COCOS_LIB_IOS_BEGIN)",
					"$(_COCOS_LIB_IOS_END)",
				);
				SDKROOT = iphoneos;
				TARGETED_DEVICE_FAMILY = "1,2";
				USER_HEADER_SEARCH_PATHS = "$(_COCOS_HEADER_IOS_BEGIN) $(_COCOS_HEADER_IOS_END)";
				VALID_ARCHS = "arm64 armv7";
			};
			name = Debug;
		};
		1D6058950D05DD3E006BFB54 /* Release */ = {
			isa = XCBuildConfiguration;
			buildSettings = {
				ALWAYS_SEARCH_USER_PATHS = YES;
				CODE_SIGN_IDENTITY = "iPhone Developer";
				COMPRESS_PNG_FILES = NO;
				GCC_INLINES_ARE_PRIVATE_EXTERN = NO;
				GCC_PRECOMPILE_PREFIX_HEADER = YES;
				GCC_PREFIX_HEADER = ios/Prefix.pch;
				GCC_PREPROCESSOR_DEFINITIONS = (
					USE_FILE32API,
					CC_TARGET_OS_IPHONE,
					"CC_ENABLE_CHIPMUNK_INTEGRATION=1",
				);
				GCC_SYMBOLS_PRIVATE_EXTERN = NO;
				HEADER_SEARCH_PATHS = (
					"$(inherited)",
					"/Applications/Cocos/frameworks/cocos2d-x-3.6/cocos/platform/ios",
					"/Applications/Cocos/frameworks/cocos2d-x-3.6/cocos/platform/ios/Simulation",
				);
				INFOPLIST_FILE = ios/Info.plist;
				IPHONEOS_DEPLOYMENT_TARGET = 5.0;
				LIBRARY_SEARCH_PATHS = " /Applications/Cocos/frameworks/cocos2d-x-3.6/prebuilt/ios";
				OTHER_LDFLAGS = (
					"$(_COCOS_LIB_IOS_BEGIN)",
					"$(_COCOS_LIB_IOS_END)",
				);
				SDKROOT = iphoneos;
				TARGETED_DEVICE_FAMILY = "1,2";
				USER_HEADER_SEARCH_PATHS = "$(_COCOS_HEADER_IOS_BEGIN) $(_COCOS_HEADER_IOS_END)";
				VALID_ARCHS = "arm64 armv7";
			};
			name = Release;
		};
		5087E76D17EB910900C73F5D /* Debug */ = {
			isa = XCBuildConfiguration;
			buildSettings = {
				ALWAYS_SEARCH_USER_PATHS = YES;
				ARCHS = "$(ARCHS_STANDARD_64_BIT)";
				CLANG_CXX_LANGUAGE_STANDARD = "c++0x";
				CLANG_CXX_LIBRARY = "libc++";
				GCC_DYNAMIC_NO_PIC = NO;
				GCC_INLINES_ARE_PRIVATE_EXTERN = NO;
				GCC_PRECOMPILE_PREFIX_HEADER = YES;
				GCC_PREFIX_HEADER = mac/Prefix.pch;
				GCC_PREPROCESSOR_DEFINITIONS = (
					USE_FILE32API,
					CC_TARGET_OS_MAC,
					"COCOS2D_DEBUG=1",
					"CC_ENABLE_CHIPMUNK_INTEGRATION=1",
				);
				GCC_SYMBOLS_PRIVATE_EXTERN = NO;
				HEADER_SEARCH_PATHS = (
					"$(inherited)",
					"/Applications/Cocos/frameworks/cocos2d-x-3.6/cocos/platform/mac",
					"/Applications/Cocos/frameworks/cocos2d-x-3.6/external/glfw3/include/mac",
				);
				INFOPLIST_FILE = mac/Info.plist;
				LIBRARY_SEARCH_PATHS = " /Applications/Cocos/frameworks/cocos2d-x-3.6/prebuilt/mac";
				OTHER_LDFLAGS = (
					"$(_COCOS_LIB_MAC_BEGIN)",
					"$(_COCOS_LIB_MAC_END)",
				);
				USER_HEADER_SEARCH_PATHS = "$(_COCOS_HEADER_MAC_BEGIN) $(_COCOS_HEADER_MAC_END)";
			};
			name = Debug;
		};
		5087E76E17EB910900C73F5D /* Release */ = {
			isa = XCBuildConfiguration;
			buildSettings = {
				ALWAYS_SEARCH_USER_PATHS = YES;
				ARCHS = "$(ARCHS_STANDARD_64_BIT)";
				CLANG_CXX_LANGUAGE_STANDARD = "c++0x";
				CLANG_CXX_LIBRARY = "libc++";
				GCC_INLINES_ARE_PRIVATE_EXTERN = NO;
				GCC_PRECOMPILE_PREFIX_HEADER = YES;
				GCC_PREFIX_HEADER = mac/Prefix.pch;
				GCC_PREPROCESSOR_DEFINITIONS = (
					USE_FILE32API,
					CC_TARGET_OS_MAC,
					"CC_ENABLE_CHIPMUNK_INTEGRATION=1",
				);
				GCC_SYMBOLS_PRIVATE_EXTERN = NO;
				HEADER_SEARCH_PATHS = (
					"$(inherited)",
					"/Applications/Cocos/frameworks/cocos2d-x-3.6/cocos/platform/mac",
					"/Applications/Cocos/frameworks/cocos2d-x-3.6/external/glfw3/include/mac",
				);
				INFOPLIST_FILE = mac/Info.plist;
				LIBRARY_SEARCH_PATHS = " /Applications/Cocos/frameworks/cocos2d-x-3.6/prebuilt/mac";
				OTHER_LDFLAGS = (
					"$(_COCOS_LIB_MAC_BEGIN)",
					"$(_COCOS_LIB_MAC_END)",
				);
				USER_HEADER_SEARCH_PATHS = "$(_COCOS_HEADER_MAC_BEGIN) $(_COCOS_HEADER_MAC_END)";
			};
			name = Release;
		};
		C01FCF4F08A954540054247B /* Debug */ = {
			isa = XCBuildConfiguration;
			buildSettings = {
				CLANG_CXX_LANGUAGE_STANDARD = "c++0x";
				CLANG_CXX_LIBRARY = "libc++";
				COPY_PHASE_STRIP = NO;
				GCC_OPTIMIZATION_LEVEL = 0;
				GCC_WARN_ABOUT_RETURN_TYPE = YES;
				GCC_WARN_UNUSED_VARIABLE = YES;
				HEADER_SEARCH_PATHS = (
					"/Applications/Cocos/frameworks/cocos2d-x-3.6",
					"/Applications/Cocos/frameworks/cocos2d-x-3.6/cocos",
					"/Applications/Cocos/frameworks/cocos2d-x-3.6/cocos/base",
					"/Applications/Cocos/frameworks/cocos2d-x-3.6/cocos/physics",
					"/Applications/Cocos/frameworks/cocos2d-x-3.6/cocos/math",
					"/Applications/Cocos/frameworks/cocos2d-x-3.6/cocos/2d",
					"/Applications/Cocos/frameworks/cocos2d-x-3.6/cocos/ui",
					"/Applications/Cocos/frameworks/cocos2d-x-3.6/cocos/network",
					"/Applications/Cocos/frameworks/cocos2d-x-3.6/cocos/audio/include",
					"/Applications/Cocos/frameworks/cocos2d-x-3.6/cocos/editor-support",
					"/Applications/Cocos/frameworks/cocos2d-x-3.6/extensions",
					"/Applications/Cocos/frameworks/cocos2d-x-3.6/external",
					"/Applications/Cocos/frameworks/cocos2d-x-3.6/external/chipmunk/include/chipmunk",
				);
				MACOSX_DEPLOYMENT_TARGET = 10.7;
				ONLY_ACTIVE_ARCH = YES;
				PRODUCT_NAME = "$(TARGET_NAME)";
				SDKROOT = macosx;
			};
			name = Debug;
		};
		C01FCF5008A954540054247B /* Release */ = {
			isa = XCBuildConfiguration;
			buildSettings = {
				CLANG_CXX_LANGUAGE_STANDARD = "c++0x";
				CLANG_CXX_LIBRARY = "libc++";
				GCC_WARN_ABOUT_RETURN_TYPE = YES;
				GCC_WARN_UNUSED_VARIABLE = YES;
				HEADER_SEARCH_PATHS = (
					"/Applications/Cocos/frameworks/cocos2d-x-3.6",
					"/Applications/Cocos/frameworks/cocos2d-x-3.6/cocos",
					"/Applications/Cocos/frameworks/cocos2d-x-3.6/cocos/base",
					"/Applications/Cocos/frameworks/cocos2d-x-3.6/cocos/physics",
					"/Applications/Cocos/frameworks/cocos2d-x-3.6/cocos/math",
					"/Applications/Cocos/frameworks/cocos2d-x-3.6/cocos/2d",
					"/Applications/Cocos/frameworks/cocos2d-x-3.6/cocos/ui",
					"/Applications/Cocos/frameworks/cocos2d-x-3.6/cocos/network",
					"/Applications/Cocos/frameworks/cocos2d-x-3.6/cocos/audio/include",
					"/Applications/Cocos/frameworks/cocos2d-x-3.6/cocos/editor-support",
					"/Applications/Cocos/frameworks/cocos2d-x-3.6/extensions",
					"/Applications/Cocos/frameworks/cocos2d-x-3.6/external",
					"/Applications/Cocos/frameworks/cocos2d-x-3.6/external/chipmunk/include/chipmunk",
				);
				MACOSX_DEPLOYMENT_TARGET = 10.7;
				OTHER_CFLAGS = "-DNS_BLOCK_ASSERTIONS=1";
				PRODUCT_NAME = "$(TARGET_NAME)";
				SDKROOT = macosx;
				VALIDATE_PRODUCT = YES;
			};
			name = Release;
		};
/* End XCBuildConfiguration section */

/* Begin XCConfigurationList section */
		1D6058960D05DD3E006BFB54 /* Build configuration list for PBXNativeTarget "RunCpp iOS" */ = {
			isa = XCConfigurationList;
			buildConfigurations = (
				1D6058940D05DD3E006BFB54 /* Debug */,
				1D6058950D05DD3E006BFB54 /* Release */,
			);
			defaultConfigurationIsVisible = 0;
			defaultConfigurationName = Debug;
		};
		5087E76C17EB910900C73F5D /* Build configuration list for PBXNativeTarget "RunCpp Mac" */ = {
			isa = XCConfigurationList;
			buildConfigurations = (
				5087E76D17EB910900C73F5D /* Debug */,
				5087E76E17EB910900C73F5D /* Release */,
			);
			defaultConfigurationIsVisible = 0;
			defaultConfigurationName = Debug;
		};
		C01FCF4E08A954540054247B /* Build configuration list for PBXProject "RunCpp" */ = {
			isa = XCConfigurationList;
			buildConfigurations = (
				C01FCF4F08A954540054247B /* Debug */,
				C01FCF5008A954540054247B /* Release */,
			);
			defaultConfigurationIsVisible = 0;
			defaultConfigurationName = Debug;
		};
/* End XCConfigurationList section */
	};
	rootObject = 29B97313FDCFA39411CA2CEA /* Project object */;
}
